// !$*UTF8*$!
{
	archiveVersion = 1;
	classes = {
	};
	objectVersion = 55;
	objects = {

/* Begin PBXBuildFile section */
		134B21AF333CAB9038C95748 /* AdvertDetailInteractor.swift in Sources */ = {isa = PBXBuildFile; fileRef = 14359C2BCF46855388B4B4D9 /* AdvertDetailInteractor.swift */; };
		2571528F85F2712CC7891BA0 /* Kingfisher in Frameworks */ = {isa = PBXBuildFile; productRef = 17EC4472718F1E629C34B45D /* Kingfisher */; };
		30C42A9EEF66B88115EFA371 /* AdvertDetailPresenter.swift in Sources */ = {isa = PBXBuildFile; fileRef = 999E0CB5BE688E04D1BCD866 /* AdvertDetailPresenter.swift */; };
		33C4510DDA0F7241309A2237 /* Assets.xcassets in Resources */ = {isa = PBXBuildFile; fileRef = C5FD754B790324D706EE4238 /* Assets.xcassets */; };
		406A3A28312FF91A67E07947 /* AdvertDetailModuleInterface.framework in Dependencies */ = {isa = PBXBuildFile; fileRef = 81B0DBC68EF58408B5E9A265 /* AdvertDetailModuleInterface.framework */; };
		72264E4FB6A9C41B6CBF9560 /* SnapKit in Frameworks */ = {isa = PBXBuildFile; productRef = C162CDF8101B78C5CDA06432 /* SnapKit */; };
		77DED97678EFC0E4C7AC4762 /* AdvertDetail.swift in Sources */ = {isa = PBXBuildFile; fileRef = 87E67BE050AB39E34BB644E3 /* AdvertDetail.swift */; };
		780CDFDEB8D43C022F8023F6 /* ChatModuleInterface.framework in Dependencies */ = {isa = PBXBuildFile; fileRef = 812D93B654995D06C0B762D2 /* ChatModuleInterface.framework */; };
		79DD8AA8A1B41247FAAD2E43 /* AdvertDetailInfoView.swift in Sources */ = {isa = PBXBuildFile; fileRef = 63BF9306776D197A91819534 /* AdvertDetailInfoView.swift */; };
		9DB1D58273CEA988050AAD63 /* TuistAssets+AdvertDetailModule.swift in Sources */ = {isa = PBXBuildFile; fileRef = C7265EAC3F80ADF44A78551C /* TuistAssets+AdvertDetailModule.swift */; };
		AFC4A94FBF9514735D23A870 /* TuistBundle+AdvertDetailModule.swift in Sources */ = {isa = PBXBuildFile; fileRef = 4A73B895A012C83C926DD623 /* TuistBundle+AdvertDetailModule.swift */; };
		B91503EC2209C308AD84A404 /* AdvertDetailRouter.swift in Sources */ = {isa = PBXBuildFile; fileRef = 3E0BB20D19A07F8C8F9DE749 /* AdvertDetailRouter.swift */; };
		BB9CB58F42B994CD8064EC25 /* NetworkKit.framework in Dependencies */ = {isa = PBXBuildFile; fileRef = 847FF1E0CDEEB13A0DEFE940 /* NetworkKit.framework */; };
		C0498D8376BB550534D600C2 /* AdvertDetailImagesImages.swift in Sources */ = {isa = PBXBuildFile; fileRef = 44184ABF1DA04CC7EC65792A /* AdvertDetailImagesImages.swift */; };
		CE7D287E9AA2BA7FE7027BFD /* CommonKit.framework in Dependencies */ = {isa = PBXBuildFile; fileRef = 7B6D0B8C69409A96DA14CAF4 /* CommonKit.framework */; };
		DA4EE76057B9F23DE819E53B /* AdvertDetailViewController.swift in Sources */ = {isa = PBXBuildFile; fileRef = 2CF0A9B17DA7CA08420706D3 /* AdvertDetailViewController.swift */; };
		F1DA1700E29B63D6E6FAC71E /* AdvertDetailModuleInterface.swift in Sources */ = {isa = PBXBuildFile; fileRef = 9F7D843BADC1C314D07C95DC /* AdvertDetailModuleInterface.swift */; };
/* End PBXBuildFile section */

/* Begin PBXContainerItemProxy section */
		AACECBDBA73489F3DDF78EC5 /* PBXContainerItemProxy */ = {
			isa = PBXContainerItemProxy;
			containerPortal = 31CBC1A481141BF8DB2107B9 /* Project object */;
			proxyType = 1;
			remoteGlobalIDString = 04AA7E661C36968731E69A47;
			remoteInfo = AdvertDetailModule_AdvertDetailModule;
		};
		BD305E6F0B177FBE1466D605 /* PBXContainerItemProxy */ = {
			isa = PBXContainerItemProxy;
			containerPortal = 31CBC1A481141BF8DB2107B9 /* Project object */;
			proxyType = 1;
			remoteGlobalIDString = 8A624C823BC02129830E58FF;
			remoteInfo = AdvertDetailModuleInterface;
		};
/* End PBXContainerItemProxy section */

/* Begin PBXCopyFilesBuildPhase section */
		67D9CEBCBB4122756949BAB0 /* Embed Frameworks */ = {
			isa = PBXCopyFilesBuildPhase;
			buildActionMask = 2147483647;
			dstPath = "";
			dstSubfolderSpec = 10;
			files = (
			);
			name = "Embed Frameworks";
			runOnlyForDeploymentPostprocessing = 0;
		};
		771594BC4A33EE4CEDD74AFE /* Dependencies */ = {
			isa = PBXCopyFilesBuildPhase;
			buildActionMask = 8;
			dstSubfolderSpec = 16;
			files = (
				406A3A28312FF91A67E07947 /* AdvertDetailModuleInterface.framework in Dependencies */,
				780CDFDEB8D43C022F8023F6 /* ChatModuleInterface.framework in Dependencies */,
				CE7D287E9AA2BA7FE7027BFD /* CommonKit.framework in Dependencies */,
				BB9CB58F42B994CD8064EC25 /* NetworkKit.framework in Dependencies */,
			);
			name = Dependencies;
			runOnlyForDeploymentPostprocessing = 1;
		};
		986DC365738F89E221949C05 /* Embed Frameworks */ = {
			isa = PBXCopyFilesBuildPhase;
			buildActionMask = 2147483647;
			dstPath = "";
			dstSubfolderSpec = 10;
			files = (
			);
			name = "Embed Frameworks";
			runOnlyForDeploymentPostprocessing = 0;
		};
		FCDD95B3C3E6FD6750806B58 /* Embed Frameworks */ = {
			isa = PBXCopyFilesBuildPhase;
			buildActionMask = 2147483647;
			dstPath = "";
			dstSubfolderSpec = 10;
			files = (
			);
			name = "Embed Frameworks";
			runOnlyForDeploymentPostprocessing = 0;
		};
/* End PBXCopyFilesBuildPhase section */

/* Begin PBXFileReference section */
		14359C2BCF46855388B4B4D9 /* AdvertDetailInteractor.swift */ = {isa = PBXFileReference; lastKnownFileType = sourcecode.swift; path = AdvertDetailInteractor.swift; sourceTree = "<group>"; };
		2CF0A9B17DA7CA08420706D3 /* AdvertDetailViewController.swift */ = {isa = PBXFileReference; lastKnownFileType = sourcecode.swift; path = AdvertDetailViewController.swift; sourceTree = "<group>"; };
		2E7E1FD0195B11F3CE6514CD /* AdvertDetailModule-Info.plist */ = {isa = PBXFileReference; lastKnownFileType = text.plist; path = "AdvertDetailModule-Info.plist"; sourceTree = "<group>"; };
		3E0BB20D19A07F8C8F9DE749 /* AdvertDetailRouter.swift */ = {isa = PBXFileReference; lastKnownFileType = sourcecode.swift; path = AdvertDetailRouter.swift; sourceTree = "<group>"; };
		44184ABF1DA04CC7EC65792A /* AdvertDetailImagesImages.swift */ = {isa = PBXFileReference; lastKnownFileType = sourcecode.swift; path = AdvertDetailImagesImages.swift; sourceTree = "<group>"; };
		48B39F8836CC4D5B9EEA5EC2 /* AdvertDetailModule.framework */ = {isa = PBXFileReference; explicitFileType = wrapper.framework; includeInIndex = 0; path = AdvertDetailModule.framework; sourceTree = BUILT_PRODUCTS_DIR; };
		4A73B895A012C83C926DD623 /* TuistBundle+AdvertDetailModule.swift */ = {isa = PBXFileReference; lastKnownFileType = sourcecode.swift; path = "TuistBundle+AdvertDetailModule.swift"; sourceTree = "<group>"; };
		63BF9306776D197A91819534 /* AdvertDetailInfoView.swift */ = {isa = PBXFileReference; lastKnownFileType = sourcecode.swift; path = AdvertDetailInfoView.swift; sourceTree = "<group>"; };
		7B6D0B8C69409A96DA14CAF4 /* CommonKit.framework */ = {isa = PBXFileReference; explicitFileType = wrapper.framework; includeInIndex = 0; path = CommonKit.framework; sourceTree = BUILT_PRODUCTS_DIR; };
		812D93B654995D06C0B762D2 /* ChatModuleInterface.framework */ = {isa = PBXFileReference; explicitFileType = wrapper.framework; includeInIndex = 0; path = ChatModuleInterface.framework; sourceTree = BUILT_PRODUCTS_DIR; };
		81B0DBC68EF58408B5E9A265 /* AdvertDetailModuleInterface.framework */ = {isa = PBXFileReference; explicitFileType = wrapper.framework; includeInIndex = 0; path = AdvertDetailModuleInterface.framework; sourceTree = BUILT_PRODUCTS_DIR; };
		847FF1E0CDEEB13A0DEFE940 /* NetworkKit.framework */ = {isa = PBXFileReference; explicitFileType = wrapper.framework; includeInIndex = 0; path = NetworkKit.framework; sourceTree = BUILT_PRODUCTS_DIR; };
		87E67BE050AB39E34BB644E3 /* AdvertDetail.swift */ = {isa = PBXFileReference; lastKnownFileType = sourcecode.swift; path = AdvertDetail.swift; sourceTree = "<group>"; };
		999E0CB5BE688E04D1BCD866 /* AdvertDetailPresenter.swift */ = {isa = PBXFileReference; lastKnownFileType = sourcecode.swift; path = AdvertDetailPresenter.swift; sourceTree = "<group>"; };
		9F7D843BADC1C314D07C95DC /* AdvertDetailModuleInterface.swift */ = {isa = PBXFileReference; lastKnownFileType = sourcecode.swift; path = AdvertDetailModuleInterface.swift; sourceTree = "<group>"; };
		AA72C3F699587393B9416713 /* AdvertDetailModule_AdvertDetailModule.bundle */ = {isa = PBXFileReference; explicitFileType = wrapper.cfbundle; includeInIndex = 0; path = AdvertDetailModule_AdvertDetailModule.bundle; sourceTree = BUILT_PRODUCTS_DIR; };
		BB44869E83937E58D2F777B3 /* AdvertDetailModule_AdvertDetailModule-Info.plist */ = {isa = PBXFileReference; lastKnownFileType = text.plist; path = "AdvertDetailModule_AdvertDetailModule-Info.plist"; sourceTree = "<group>"; };
		C5FD754B790324D706EE4238 /* Assets.xcassets */ = {isa = PBXFileReference; lastKnownFileType = folder.assetcatalog; path = Assets.xcassets; sourceTree = "<group>"; };
		C7265EAC3F80ADF44A78551C /* TuistAssets+AdvertDetailModule.swift */ = {isa = PBXFileReference; lastKnownFileType = sourcecode.swift; path = "TuistAssets+AdvertDetailModule.swift"; sourceTree = "<group>"; };
		F3F78B7E4C4B47ED734642A0 /* AdvertDetailModuleInterface-Info.plist */ = {isa = PBXFileReference; lastKnownFileType = text.plist; path = "AdvertDetailModuleInterface-Info.plist"; sourceTree = "<group>"; };
/* End PBXFileReference section */

/* Begin PBXFrameworksBuildPhase section */
		195B8F70303E37AFA3F76BED /* Frameworks */ = {
			isa = PBXFrameworksBuildPhase;
			buildActionMask = 2147483647;
			files = (
			);
			runOnlyForDeploymentPostprocessing = 0;
		};
		36B53AD6DD53DA4741E3467B /* Frameworks */ = {
			isa = PBXFrameworksBuildPhase;
			buildActionMask = 2147483647;
			files = (
			);
			runOnlyForDeploymentPostprocessing = 0;
		};
		EFAE8643ADCCF02A9CA57626 /* Frameworks */ = {
			isa = PBXFrameworksBuildPhase;
			buildActionMask = 2147483647;
			files = (
				72264E4FB6A9C41B6CBF9560 /* SnapKit in Frameworks */,
				2571528F85F2712CC7891BA0 /* Kingfisher in Frameworks */,
			);
			runOnlyForDeploymentPostprocessing = 0;
		};
/* End PBXFrameworksBuildPhase section */

/* Begin PBXGroup section */
		1A170B7457AC05574134F4D5 /* View */ = {
			isa = PBXGroup;
			children = (
				44184ABF1DA04CC7EC65792A /* AdvertDetailImagesImages.swift */,
				63BF9306776D197A91819534 /* AdvertDetailInfoView.swift */,
			);
			path = View;
			sourceTree = "<group>";
		};
		32380FAB03945FD8CD9567D1 /* InfoPlists */ = {
			isa = PBXGroup;
			children = (
				BB44869E83937E58D2F777B3 /* AdvertDetailModule_AdvertDetailModule-Info.plist */,
				2E7E1FD0195B11F3CE6514CD /* AdvertDetailModule-Info.plist */,
				F3F78B7E4C4B47ED734642A0 /* AdvertDetailModuleInterface-Info.plist */,
			);
			path = InfoPlists;
			sourceTree = "<group>";
		};
		69CEBA8831CB10CE61CF0430 /* Derived */ = {
			isa = PBXGroup;
			children = (
				32380FAB03945FD8CD9567D1 /* InfoPlists */,
				C02E59ED81CBDEB5CEE5FB95 /* Sources */,
			);
			path = Derived;
			sourceTree = "<group>";
		};
		7551EE2BE2991E70B06F1D17 /* InterfaceSource */ = {
			isa = PBXGroup;
			children = (
				9F7D843BADC1C314D07C95DC /* AdvertDetailModuleInterface.swift */,
			);
			path = InterfaceSource;
			sourceTree = "<group>";
		};
		78F2DF335D852E7DFCDD70B8 /* Resources */ = {
			isa = PBXGroup;
			children = (
				C5FD754B790324D706EE4238 /* Assets.xcassets */,
			);
			path = Resources;
			sourceTree = "<group>";
		};
		7EE07C4AA6CD8BB2C1D6E81B /* Products */ = {
			isa = PBXGroup;
			children = (
				AA72C3F699587393B9416713 /* AdvertDetailModule_AdvertDetailModule.bundle */,
				48B39F8836CC4D5B9EEA5EC2 /* AdvertDetailModule.framework */,
				81B0DBC68EF58408B5E9A265 /* AdvertDetailModuleInterface.framework */,
				812D93B654995D06C0B762D2 /* ChatModuleInterface.framework */,
				7B6D0B8C69409A96DA14CAF4 /* CommonKit.framework */,
				847FF1E0CDEEB13A0DEFE940 /* NetworkKit.framework */,
			);
			name = Products;
			sourceTree = "<group>";
		};
		883A6DC05623B56B91A8718A /* Frameworks */ = {
			isa = PBXGroup;
			children = (
			);
			name = Frameworks;
			sourceTree = "<group>";
		};
		A212E99D8FA6457053CCFF71 /* Project */ = {
			isa = PBXGroup;
			children = (
				69CEBA8831CB10CE61CF0430 /* Derived */,
				7551EE2BE2991E70B06F1D17 /* InterfaceSource */,
				78F2DF335D852E7DFCDD70B8 /* Resources */,
				F034D42E342893CBCA964FEE /* Sources */,
			);
			name = Project;
			sourceTree = "<group>";
		};
		C02E59ED81CBDEB5CEE5FB95 /* Sources */ = {
			isa = PBXGroup;
			children = (
				C7265EAC3F80ADF44A78551C /* TuistAssets+AdvertDetailModule.swift */,
				4A73B895A012C83C926DD623 /* TuistBundle+AdvertDetailModule.swift */,
			);
			path = Sources;
			sourceTree = "<group>";
		};
		C730F4698936069B24A481B3 = {
			isa = PBXGroup;
			children = (
				A212E99D8FA6457053CCFF71 /* Project */,
				883A6DC05623B56B91A8718A /* Frameworks */,
				7EE07C4AA6CD8BB2C1D6E81B /* Products */,
			);
			sourceTree = "<group>";
		};
		F034D42E342893CBCA964FEE /* Sources */ = {
			isa = PBXGroup;
			children = (
				1A170B7457AC05574134F4D5 /* View */,
				87E67BE050AB39E34BB644E3 /* AdvertDetail.swift */,
				14359C2BCF46855388B4B4D9 /* AdvertDetailInteractor.swift */,
				999E0CB5BE688E04D1BCD866 /* AdvertDetailPresenter.swift */,
				3E0BB20D19A07F8C8F9DE749 /* AdvertDetailRouter.swift */,
				2CF0A9B17DA7CA08420706D3 /* AdvertDetailViewController.swift */,
			);
			path = Sources;
			sourceTree = "<group>";
		};
/* End PBXGroup section */

/* Begin PBXNativeTarget section */
		04AA7E661C36968731E69A47 /* AdvertDetailModule_AdvertDetailModule */ = {
			isa = PBXNativeTarget;
			buildConfigurationList = D6BBD55F13799204619C76C7 /* Build configuration list for PBXNativeTarget "AdvertDetailModule_AdvertDetailModule" */;
			buildPhases = (
				4C686F65E7A4197D82CF8B9A /* Resources */,
				FCDD95B3C3E6FD6750806B58 /* Embed Frameworks */,
				36B53AD6DD53DA4741E3467B /* Frameworks */,
			);
			buildRules = (
			);
			dependencies = (
			);
			name = AdvertDetailModule_AdvertDetailModule;
			productName = AdvertDetailModule_AdvertDetailModule;
			productReference = AA72C3F699587393B9416713 /* AdvertDetailModule_AdvertDetailModule.bundle */;
			productType = "com.apple.product-type.bundle";
		};
		5D69A159F32406F462F6DE91 /* AdvertDetailModule */ = {
			isa = PBXNativeTarget;
			buildConfigurationList = C51B1AC42D2B17797AB849C6 /* Build configuration list for PBXNativeTarget "AdvertDetailModule" */;
			buildPhases = (
				066F737065143D9C6F39A120 /* Sources */,
				843E9952F0B65D01A8E29628 /* Resources */,
				986DC365738F89E221949C05 /* Embed Frameworks */,
				EFAE8643ADCCF02A9CA57626 /* Frameworks */,
				771594BC4A33EE4CEDD74AFE /* Dependencies */,
			);
			buildRules = (
			);
			dependencies = (
				D7BAC79F7DF1F902628ADEBF /* PBXTargetDependency */,
				3428FEB3598A8A1EC125FB09 /* PBXTargetDependency */,
			);
			name = AdvertDetailModule;
			packageProductDependencies = (
				C162CDF8101B78C5CDA06432 /* SnapKit */,
				17EC4472718F1E629C34B45D /* Kingfisher */,
			);
			productName = AdvertDetailModule;
			productReference = 48B39F8836CC4D5B9EEA5EC2 /* AdvertDetailModule.framework */;
			productType = "com.apple.product-type.framework";
		};
		8A624C823BC02129830E58FF /* AdvertDetailModuleInterface */ = {
			isa = PBXNativeTarget;
			buildConfigurationList = AF21A5397D414E1C7064E973 /* Build configuration list for PBXNativeTarget "AdvertDetailModuleInterface" */;
			buildPhases = (
				F80A81722E942EEF40346AB3 /* Sources */,
				39833EB84FA33844413AE0E3 /* Resources */,
				67D9CEBCBB4122756949BAB0 /* Embed Frameworks */,
				195B8F70303E37AFA3F76BED /* Frameworks */,
			);
			buildRules = (
			);
			dependencies = (
			);
			name = AdvertDetailModuleInterface;
			productName = AdvertDetailModuleInterface;
			productReference = 81B0DBC68EF58408B5E9A265 /* AdvertDetailModuleInterface.framework */;
			productType = "com.apple.product-type.framework";
		};
/* End PBXNativeTarget section */

/* Begin PBXProject section */
		31CBC1A481141BF8DB2107B9 /* Project object */ = {
			isa = PBXProject;
			attributes = {
				BuildIndependentTargetsInParallel = YES;
				TargetAttributes = {
				};
			};
			buildConfigurationList = E4F984FE73B7FFED1F282E29 /* Build configuration list for PBXProject "AdvertDetailModule" */;
			compatibilityVersion = "Xcode 14.0";
			developmentRegion = en;
			hasScannedForEncodings = 0;
			knownRegions = (
				Base,
				en,
			);
			mainGroup = C730F4698936069B24A481B3;
			packageReferences = (
				545457CD177B2595BA16FED0 /* XCRemoteSwiftPackageReference "SnapKit" */,
				104572B59768CBB944EB4DF0 /* XCRemoteSwiftPackageReference "Kingfisher" */,
			);
			productRefGroup = 7EE07C4AA6CD8BB2C1D6E81B /* Products */;
			projectDirPath = "";
			projectRoot = "";
			targets = (
				5D69A159F32406F462F6DE91 /* AdvertDetailModule */,
				04AA7E661C36968731E69A47 /* AdvertDetailModule_AdvertDetailModule */,
				8A624C823BC02129830E58FF /* AdvertDetailModuleInterface */,
			);
		};
/* End PBXProject section */

/* Begin PBXResourcesBuildPhase section */
		39833EB84FA33844413AE0E3 /* Resources */ = {
			isa = PBXResourcesBuildPhase;
			buildActionMask = 2147483647;
			files = (
			);
			runOnlyForDeploymentPostprocessing = 0;
		};
		4C686F65E7A4197D82CF8B9A /* Resources */ = {
			isa = PBXResourcesBuildPhase;
			buildActionMask = 2147483647;
			files = (
				33C4510DDA0F7241309A2237 /* Assets.xcassets in Resources */,
			);
			runOnlyForDeploymentPostprocessing = 0;
		};
		843E9952F0B65D01A8E29628 /* Resources */ = {
			isa = PBXResourcesBuildPhase;
			buildActionMask = 2147483647;
			files = (
			);
			runOnlyForDeploymentPostprocessing = 0;
		};
/* End PBXResourcesBuildPhase section */

/* Begin PBXSourcesBuildPhase section */
		066F737065143D9C6F39A120 /* Sources */ = {
			isa = PBXSourcesBuildPhase;
			buildActionMask = 2147483647;
			files = (
				9DB1D58273CEA988050AAD63 /* TuistAssets+AdvertDetailModule.swift in Sources */,
				AFC4A94FBF9514735D23A870 /* TuistBundle+AdvertDetailModule.swift in Sources */,
				77DED97678EFC0E4C7AC4762 /* AdvertDetail.swift in Sources */,
				134B21AF333CAB9038C95748 /* AdvertDetailInteractor.swift in Sources */,
				30C42A9EEF66B88115EFA371 /* AdvertDetailPresenter.swift in Sources */,
				B91503EC2209C308AD84A404 /* AdvertDetailRouter.swift in Sources */,
				DA4EE76057B9F23DE819E53B /* AdvertDetailViewController.swift in Sources */,
				C0498D8376BB550534D600C2 /* AdvertDetailImagesImages.swift in Sources */,
				79DD8AA8A1B41247FAAD2E43 /* AdvertDetailInfoView.swift in Sources */,
			);
			runOnlyForDeploymentPostprocessing = 0;
		};
		F80A81722E942EEF40346AB3 /* Sources */ = {
			isa = PBXSourcesBuildPhase;
			buildActionMask = 2147483647;
			files = (
				F1DA1700E29B63D6E6FAC71E /* AdvertDetailModuleInterface.swift in Sources */,
			);
			runOnlyForDeploymentPostprocessing = 0;
		};
/* End PBXSourcesBuildPhase section */

/* Begin PBXTargetDependency section */
		3428FEB3598A8A1EC125FB09 /* PBXTargetDependency */ = {
			isa = PBXTargetDependency;
			name = AdvertDetailModule_AdvertDetailModule;
			target = 04AA7E661C36968731E69A47 /* AdvertDetailModule_AdvertDetailModule */;
			targetProxy = AACECBDBA73489F3DDF78EC5 /* PBXContainerItemProxy */;
		};
		D7BAC79F7DF1F902628ADEBF /* PBXTargetDependency */ = {
			isa = PBXTargetDependency;
			name = AdvertDetailModuleInterface;
			target = 8A624C823BC02129830E58FF /* AdvertDetailModuleInterface */;
			targetProxy = BD305E6F0B177FBE1466D605 /* PBXContainerItemProxy */;
		};
/* End PBXTargetDependency section */

/* Begin XCBuildConfiguration section */
		044C2EC7A7B4C3515A9DA240 /* Release */ = {
			isa = XCBuildConfiguration;
			buildSettings = {
				CODE_SIGN_IDENTITY = "";
				CURRENT_PROJECT_VERSION = 1;
				DEFINES_MODULE = YES;
				DYLIB_COMPATIBILITY_VERSION = 1;
				DYLIB_CURRENT_VERSION = 1;
				DYLIB_INSTALL_NAME_BASE = "@rpath";
				INFOPLIST_FILE = "Derived/InfoPlists/AdvertDetailModuleInterface-Info.plist";
				INSTALL_PATH = "$(LOCAL_LIBRARY_DIR)/Frameworks";
				IPHONEOS_DEPLOYMENT_TARGET = 16.0;
				LD_RUNPATH_SEARCH_PATHS = (
					"$(inherited)",
					"@executable_path/Frameworks",
					"@loader_path/Frameworks",
				);
				MACH_O_TYPE = staticlib;
				PRODUCT_BUNDLE_IDENTIFIER = com.ios.AdvertDetailModuleInterface;
				PRODUCT_NAME = AdvertDetailModuleInterface;
				SDKROOT = iphoneos;
				SKIP_INSTALL = YES;
				SUPPORTS_MACCATALYST = NO;
				SUPPORTS_MAC_DESIGNED_FOR_IPHONE_IPAD = YES;
				SUPPORTS_XR_DESIGNED_FOR_IPHONE_IPAD = NO;
				SWIFT_COMPILATION_MODE = wholemodule;
				SWIFT_OPTIMIZATION_LEVEL = "-Owholemodule";
				SWIFT_VERSION = 5.0;
				TARGETED_DEVICE_FAMILY = 1;
				VERSIONING_SYSTEM = "apple-generic";
				VERSION_INFO_PREFIX = "";
			};
			name = Release;
		};
		1C64ABCC6B60D99E37483B55 /* Debug */ = {
			isa = XCBuildConfiguration;
			buildSettings = {
				CODE_SIGNING_ALLOWED = NO;
				CODE_SIGN_IDENTITY = "iPhone Developer";
				INFOPLIST_FILE = "Derived/InfoPlists/AdvertDetailModule_AdvertDetailModule-Info.plist";
				IPHONEOS_DEPLOYMENT_TARGET = 16.0;
				PRODUCT_BUNDLE_IDENTIFIER = com.ios.AdvertDetailModule.resources;
				PRODUCT_NAME = AdvertDetailModule_AdvertDetailModule;
				SDKROOT = iphoneos;
				SUPPORTS_MACCATALYST = NO;
				SUPPORTS_MAC_DESIGNED_FOR_IPHONE_IPAD = YES;
				SUPPORTS_XR_DESIGNED_FOR_IPHONE_IPAD = NO;
				SWIFT_ACTIVE_COMPILATION_CONDITIONS = DEBUG;
				SWIFT_COMPILATION_MODE = singlefile;
				SWIFT_OPTIMIZATION_LEVEL = "-Onone";
				SWIFT_VERSION = 5.0;
				TARGETED_DEVICE_FAMILY = 1;
			};
			name = Debug;
		};
		2205B48681C168571EBB1D69 /* Release */ = {
			isa = XCBuildConfiguration;
			buildSettings = {
				CODE_SIGN_IDENTITY = "";
				CURRENT_PROJECT_VERSION = 1;
				DEFINES_MODULE = YES;
				DYLIB_COMPATIBILITY_VERSION = 1;
				DYLIB_CURRENT_VERSION = 1;
				DYLIB_INSTALL_NAME_BASE = "@rpath";
				INFOPLIST_FILE = "Derived/InfoPlists/AdvertDetailModule-Info.plist";
				INSTALL_PATH = "$(LOCAL_LIBRARY_DIR)/Frameworks";
				IPHONEOS_DEPLOYMENT_TARGET = 16.0;
				LD_RUNPATH_SEARCH_PATHS = (
					"$(inherited)",
					"@executable_path/Frameworks",
					"@loader_path/Frameworks",
				);
				MACH_O_TYPE = staticlib;
				PRODUCT_BUNDLE_IDENTIFIER = com.ios.AdvertDetailModule;
				PRODUCT_NAME = AdvertDetailModule;
				SDKROOT = iphoneos;
				SKIP_INSTALL = YES;
				SUPPORTS_MACCATALYST = NO;
				SUPPORTS_MAC_DESIGNED_FOR_IPHONE_IPAD = YES;
				SUPPORTS_XR_DESIGNED_FOR_IPHONE_IPAD = NO;
				SWIFT_COMPILATION_MODE = wholemodule;
				SWIFT_OPTIMIZATION_LEVEL = "-Owholemodule";
				SWIFT_VERSION = 5.0;
				TARGETED_DEVICE_FAMILY = 1;
				VERSIONING_SYSTEM = "apple-generic";
				VERSION_INFO_PREFIX = "";
			};
			name = Release;
		};
		9691AF543CEAC4F91D3ACB9F /* Debug */ = {
			isa = XCBuildConfiguration;
			buildSettings = {
				CODE_SIGN_IDENTITY = "";
				CURRENT_PROJECT_VERSION = 1;
				DEFINES_MODULE = YES;
				DYLIB_COMPATIBILITY_VERSION = 1;
				DYLIB_CURRENT_VERSION = 1;
				DYLIB_INSTALL_NAME_BASE = "@rpath";
				INFOPLIST_FILE = "Derived/InfoPlists/AdvertDetailModuleInterface-Info.plist";
				INSTALL_PATH = "$(LOCAL_LIBRARY_DIR)/Frameworks";
				IPHONEOS_DEPLOYMENT_TARGET = 16.0;
				LD_RUNPATH_SEARCH_PATHS = (
					"$(inherited)",
					"@executable_path/Frameworks",
					"@loader_path/Frameworks",
				);
				MACH_O_TYPE = staticlib;
				PRODUCT_BUNDLE_IDENTIFIER = com.ios.AdvertDetailModuleInterface;
				PRODUCT_NAME = AdvertDetailModuleInterface;
				SDKROOT = iphoneos;
				SKIP_INSTALL = YES;
				SUPPORTS_MACCATALYST = NO;
				SUPPORTS_MAC_DESIGNED_FOR_IPHONE_IPAD = YES;
				SUPPORTS_XR_DESIGNED_FOR_IPHONE_IPAD = NO;
				SWIFT_ACTIVE_COMPILATION_CONDITIONS = DEBUG;
				SWIFT_COMPILATION_MODE = singlefile;
				SWIFT_OPTIMIZATION_LEVEL = "-Onone";
				SWIFT_VERSION = 5.0;
				TARGETED_DEVICE_FAMILY = 1;
				VERSIONING_SYSTEM = "apple-generic";
				VERSION_INFO_PREFIX = "";
			};
			name = Debug;
		};
		A56D94D8493C3CA77DD0A4CD /* Release */ = {
			isa = XCBuildConfiguration;
			buildSettings = {
				CODE_SIGNING_ALLOWED = NO;
				CODE_SIGN_IDENTITY = "iPhone Developer";
				INFOPLIST_FILE = "Derived/InfoPlists/AdvertDetailModule_AdvertDetailModule-Info.plist";
				IPHONEOS_DEPLOYMENT_TARGET = 16.0;
				PRODUCT_BUNDLE_IDENTIFIER = com.ios.AdvertDetailModule.resources;
				PRODUCT_NAME = AdvertDetailModule_AdvertDetailModule;
				SDKROOT = iphoneos;
				SUPPORTS_MACCATALYST = NO;
				SUPPORTS_MAC_DESIGNED_FOR_IPHONE_IPAD = YES;
				SUPPORTS_XR_DESIGNED_FOR_IPHONE_IPAD = NO;
				SWIFT_COMPILATION_MODE = wholemodule;
				SWIFT_OPTIMIZATION_LEVEL = "-Owholemodule";
				SWIFT_VERSION = 5.0;
				TARGETED_DEVICE_FAMILY = 1;
			};
			name = Release;
		};
		D47285ED7A439381C74A40A7 /* Debug */ = {
			isa = XCBuildConfiguration;
			buildSettings = {
				ALWAYS_SEARCH_USER_PATHS = NO;
				CLANG_ANALYZER_LOCALIZABILITY_NONLOCALIZED = YES;
				CLANG_ANALYZER_NONNULL = YES;
				CLANG_ANALYZER_NUMBER_OBJECT_CONVERSION = YES_AGGRESSIVE;
				CLANG_CXX_LANGUAGE_STANDARD = "gnu++14";
				CLANG_CXX_LIBRARY = "libc++";
				CLANG_ENABLE_MODULES = YES;
				CLANG_ENABLE_OBJC_ARC = YES;
				CLANG_ENABLE_OBJC_WEAK = YES;
				CLANG_WARN_BLOCK_CAPTURE_AUTORELEASING = YES;
				CLANG_WARN_BOOL_CONVERSION = YES;
				CLANG_WARN_COMMA = YES;
				CLANG_WARN_CONSTANT_CONVERSION = YES;
				CLANG_WARN_DEPRECATED_OBJC_IMPLEMENTATIONS = YES;
				CLANG_WARN_DIRECT_OBJC_ISA_USAGE = YES_ERROR;
				CLANG_WARN_DOCUMENTATION_COMMENTS = YES;
				CLANG_WARN_EMPTY_BODY = YES;
				CLANG_WARN_ENUM_CONVERSION = YES;
				CLANG_WARN_INFINITE_RECURSION = YES;
				CLANG_WARN_INT_CONVERSION = YES;
				CLANG_WARN_NON_LITERAL_NULL_CONVERSION = YES;
				CLANG_WARN_OBJC_IMPLICIT_RETAIN_SELF = YES;
				CLANG_WARN_OBJC_LITERAL_CONVERSION = YES;
				CLANG_WARN_OBJC_ROOT_CLASS = YES_ERROR;
				CLANG_WARN_QUOTED_INCLUDE_IN_FRAMEWORK_HEADER = YES;
				CLANG_WARN_RANGE_LOOP_ANALYSIS = YES;
				CLANG_WARN_STRICT_PROTOTYPES = YES;
				CLANG_WARN_SUSPICIOUS_MOVE = YES;
				CLANG_WARN_UNGUARDED_AVAILABILITY = YES_AGGRESSIVE;
				CLANG_WARN_UNREACHABLE_CODE = YES;
				CLANG_WARN__DUPLICATE_METHOD_MATCH = YES;
				COPY_PHASE_STRIP = NO;
				DEAD_CODE_STRIPPING = YES;
				DEBUG_INFORMATION_FORMAT = dwarf;
				ENABLE_STRICT_OBJC_MSGSEND = YES;
				ENABLE_TESTABILITY = YES;
				GCC_C_LANGUAGE_STANDARD = gnu11;
				GCC_DYNAMIC_NO_PIC = NO;
				GCC_NO_COMMON_BLOCKS = YES;
				GCC_OPTIMIZATION_LEVEL = 0;
				GCC_PREPROCESSOR_DEFINITIONS = (
					"DEBUG=1",
					"$(inherited)",
				);
				GCC_WARN_64_TO_32_BIT_CONVERSION = YES;
				GCC_WARN_ABOUT_RETURN_TYPE = YES_ERROR;
				GCC_WARN_UNDECLARED_SELECTOR = YES;
				GCC_WARN_UNINITIALIZED_AUTOS = YES_AGGRESSIVE;
				GCC_WARN_UNUSED_FUNCTION = YES;
				GCC_WARN_UNUSED_VARIABLE = YES;
				MTL_ENABLE_DEBUG_INFO = YES;
				ONLY_ACTIVE_ARCH = YES;
				PRODUCT_NAME = "$(TARGET_NAME)";
			};
			name = Debug;
		};
		EF7C41389C9B103C0766D9C7 /* Debug */ = {
			isa = XCBuildConfiguration;
			buildSettings = {
				CODE_SIGN_IDENTITY = "";
				CURRENT_PROJECT_VERSION = 1;
				DEFINES_MODULE = YES;
				DYLIB_COMPATIBILITY_VERSION = 1;
				DYLIB_CURRENT_VERSION = 1;
				DYLIB_INSTALL_NAME_BASE = "@rpath";
				INFOPLIST_FILE = "Derived/InfoPlists/AdvertDetailModule-Info.plist";
				INSTALL_PATH = "$(LOCAL_LIBRARY_DIR)/Frameworks";
				IPHONEOS_DEPLOYMENT_TARGET = 16.0;
				LD_RUNPATH_SEARCH_PATHS = (
					"$(inherited)",
					"@executable_path/Frameworks",
					"@loader_path/Frameworks",
				);
				MACH_O_TYPE = staticlib;
				PRODUCT_BUNDLE_IDENTIFIER = com.ios.AdvertDetailModule;
				PRODUCT_NAME = AdvertDetailModule;
				SDKROOT = iphoneos;
				SKIP_INSTALL = YES;
				SUPPORTS_MACCATALYST = NO;
				SUPPORTS_MAC_DESIGNED_FOR_IPHONE_IPAD = YES;
				SUPPORTS_XR_DESIGNED_FOR_IPHONE_IPAD = NO;
				SWIFT_ACTIVE_COMPILATION_CONDITIONS = DEBUG;
				SWIFT_COMPILATION_MODE = singlefile;
				SWIFT_OPTIMIZATION_LEVEL = "-Onone";
				SWIFT_VERSION = 5.0;
				TARGETED_DEVICE_FAMILY = 1;
				VERSIONING_SYSTEM = "apple-generic";
				VERSION_INFO_PREFIX = "";
			};
			name = Debug;
		};
		F577268D4B6F7518C9123EFF /* Release */ = {
			isa = XCBuildConfiguration;
			buildSettings = {
				ALWAYS_SEARCH_USER_PATHS = NO;
				CLANG_ANALYZER_LOCALIZABILITY_NONLOCALIZED = YES;
				CLANG_ANALYZER_NONNULL = YES;
				CLANG_ANALYZER_NUMBER_OBJECT_CONVERSION = YES_AGGRESSIVE;
				CLANG_CXX_LANGUAGE_STANDARD = "gnu++14";
				CLANG_CXX_LIBRARY = "libc++";
				CLANG_ENABLE_MODULES = YES;
				CLANG_ENABLE_OBJC_ARC = YES;
				CLANG_ENABLE_OBJC_WEAK = YES;
				CLANG_WARN_BLOCK_CAPTURE_AUTORELEASING = YES;
				CLANG_WARN_BOOL_CONVERSION = YES;
				CLANG_WARN_COMMA = YES;
				CLANG_WARN_CONSTANT_CONVERSION = YES;
				CLANG_WARN_DEPRECATED_OBJC_IMPLEMENTATIONS = YES;
				CLANG_WARN_DIRECT_OBJC_ISA_USAGE = YES_ERROR;
				CLANG_WARN_DOCUMENTATION_COMMENTS = YES;
				CLANG_WARN_EMPTY_BODY = YES;
				CLANG_WARN_ENUM_CONVERSION = YES;
				CLANG_WARN_INFINITE_RECURSION = YES;
				CLANG_WARN_INT_CONVERSION = YES;
				CLANG_WARN_NON_LITERAL_NULL_CONVERSION = YES;
				CLANG_WARN_OBJC_IMPLICIT_RETAIN_SELF = YES;
				CLANG_WARN_OBJC_LITERAL_CONVERSION = YES;
				CLANG_WARN_OBJC_ROOT_CLASS = YES_ERROR;
				CLANG_WARN_QUOTED_INCLUDE_IN_FRAMEWORK_HEADER = YES;
				CLANG_WARN_RANGE_LOOP_ANALYSIS = YES;
				CLANG_WARN_STRICT_PROTOTYPES = YES;
				CLANG_WARN_SUSPICIOUS_MOVE = YES;
				CLANG_WARN_UNGUARDED_AVAILABILITY = YES_AGGRESSIVE;
				CLANG_WARN_UNREACHABLE_CODE = YES;
				CLANG_WARN__DUPLICATE_METHOD_MATCH = YES;
				COPY_PHASE_STRIP = NO;
				DEAD_CODE_STRIPPING = YES;
				DEBUG_INFORMATION_FORMAT = "dwarf-with-dsym";
				ENABLE_NS_ASSERTIONS = NO;
				ENABLE_STRICT_OBJC_MSGSEND = YES;
				GCC_C_LANGUAGE_STANDARD = gnu11;
				GCC_NO_COMMON_BLOCKS = YES;
				GCC_WARN_64_TO_32_BIT_CONVERSION = YES;
				GCC_WARN_ABOUT_RETURN_TYPE = YES_ERROR;
				GCC_WARN_UNDECLARED_SELECTOR = YES;
				GCC_WARN_UNINITIALIZED_AUTOS = YES_AGGRESSIVE;
				GCC_WARN_UNUSED_FUNCTION = YES;
				GCC_WARN_UNUSED_VARIABLE = YES;
				MTL_ENABLE_DEBUG_INFO = NO;
				PRODUCT_NAME = "$(TARGET_NAME)";
				VALIDATE_PRODUCT = YES;
			};
			name = Release;
		};
/* End XCBuildConfiguration section */

/* Begin XCConfigurationList section */
		AF21A5397D414E1C7064E973 /* Build configuration list for PBXNativeTarget "AdvertDetailModuleInterface" */ = {
			isa = XCConfigurationList;
			buildConfigurations = (
				9691AF543CEAC4F91D3ACB9F /* Debug */,
				044C2EC7A7B4C3515A9DA240 /* Release */,
			);
			defaultConfigurationIsVisible = 0;
			defaultConfigurationName = Release;
		};
		C51B1AC42D2B17797AB849C6 /* Build configuration list for PBXNativeTarget "AdvertDetailModule" */ = {
			isa = XCConfigurationList;
			buildConfigurations = (
				EF7C41389C9B103C0766D9C7 /* Debug */,
				2205B48681C168571EBB1D69 /* Release */,
			);
			defaultConfigurationIsVisible = 0;
			defaultConfigurationName = Release;
		};
		D6BBD55F13799204619C76C7 /* Build configuration list for PBXNativeTarget "AdvertDetailModule_AdvertDetailModule" */ = {
			isa = XCConfigurationList;
			buildConfigurations = (
				1C64ABCC6B60D99E37483B55 /* Debug */,
				A56D94D8493C3CA77DD0A4CD /* Release */,
			);
			defaultConfigurationIsVisible = 0;
			defaultConfigurationName = Release;
		};
		E4F984FE73B7FFED1F282E29 /* Build configuration list for PBXProject "AdvertDetailModule" */ = {
			isa = XCConfigurationList;
			buildConfigurations = (
				D47285ED7A439381C74A40A7 /* Debug */,
				F577268D4B6F7518C9123EFF /* Release */,
			);
			defaultConfigurationIsVisible = 0;
			defaultConfigurationName = Release;
		};
/* End XCConfigurationList section */

/* Begin XCRemoteSwiftPackageReference section */
		104572B59768CBB944EB4DF0 /* XCRemoteSwiftPackageReference "Kingfisher" */ = {
			isa = XCRemoteSwiftPackageReference;
			repositoryURL = "https://github.com/onevcat/Kingfisher.git";
			requirement = {
				kind = upToNextMajorVersion;
				minimumVersion = 7.0.0;
			};
		};
		545457CD177B2595BA16FED0 /* XCRemoteSwiftPackageReference "SnapKit" */ = {
			isa = XCRemoteSwiftPackageReference;
			repositoryURL = "https://github.com/SnapKit/SnapKit.git";
			requirement = {
				kind = upToNextMajorVersion;
				minimumVersion = 5.0.1;
			};
		};
/* End XCRemoteSwiftPackageReference section */

/* Begin XCSwiftPackageProductDependency section */
		17EC4472718F1E629C34B45D /* Kingfisher */ = {
			isa = XCSwiftPackageProductDependency;
			productName = Kingfisher;
		};
		C162CDF8101B78C5CDA06432 /* SnapKit */ = {
			isa = XCSwiftPackageProductDependency;
			productName = SnapKit;
		};
/* End XCSwiftPackageProductDependency section */
	};
	rootObject = 31CBC1A481141BF8DB2107B9 /* Project object */;
}
