// !$*UTF8*$!
{
	archiveVersion = 1;
	classes = {
	};
	objectVersion = 55;
	objects = {

/* Begin PBXBuildFile section */
		091C7C04B72A566F4944A176 /* Alamofire in Frameworks */ = {isa = PBXBuildFile; productRef = 2F7DDC9F7DE10294C9D05B40 /* Alamofire */; };
		2023500A33A32A68AD20C2A0 /* DataResult.swift in Sources */ = {isa = PBXBuildFile; fileRef = B6EAF93087BB286568864745 /* DataResult.swift */; };
		215BB58BB1FF3AF95A5C715B /* Request.swift in Sources */ = {isa = PBXBuildFile; fileRef = 983B7F5FFD972297ADD6C1C6 /* Request.swift */; };
		74A427CAB1829BBC67D065C9 /* NetworkPath.swift in Sources */ = {isa = PBXBuildFile; fileRef = 54A20B7A26572F0D278D513F /* NetworkPath.swift */; };
		8B7EC0E6F51F249A8821D18C /* TargetType.swift in Sources */ = {isa = PBXBuildFile; fileRef = 6385BCEE1933B55D34E52581 /* TargetType.swift */; };
		9ED7AEEA445F133DC36C20B1 /* NetworkManager.swift in Sources */ = {isa = PBXBuildFile; fileRef = A60213FFF1DDD622E00A602C /* NetworkManager.swift */; };
/* End PBXBuildFile section */

/* Begin PBXCopyFilesBuildPhase section */
		996AF320FE49399744830ED0 /* Embed Frameworks */ = {
			isa = PBXCopyFilesBuildPhase;
			buildActionMask = 2147483647;
			dstPath = "";
			dstSubfolderSpec = 10;
			files = (
			);
			name = "Embed Frameworks";
			runOnlyForDeploymentPostprocessing = 0;
		};
/* End PBXCopyFilesBuildPhase section */

/* Begin PBXFileReference section */
		28DBDBD334AF10F9CAC7682B /* NetworkKit-Info.plist */ = {isa = PBXFileReference; lastKnownFileType = text.plist; path = "NetworkKit-Info.plist"; sourceTree = "<group>"; };
		54A20B7A26572F0D278D513F /* NetworkPath.swift */ = {isa = PBXFileReference; lastKnownFileType = sourcecode.swift; path = NetworkPath.swift; sourceTree = "<group>"; };
		6385BCEE1933B55D34E52581 /* TargetType.swift */ = {isa = PBXFileReference; lastKnownFileType = sourcecode.swift; path = TargetType.swift; sourceTree = "<group>"; };
		8D16F42116C9DD2902A0175D /* NetworkKit.framework */ = {isa = PBXFileReference; explicitFileType = wrapper.framework; includeInIndex = 0; path = NetworkKit.framework; sourceTree = BUILT_PRODUCTS_DIR; };
		983B7F5FFD972297ADD6C1C6 /* Request.swift */ = {isa = PBXFileReference; lastKnownFileType = sourcecode.swift; path = Request.swift; sourceTree = "<group>"; };
		A60213FFF1DDD622E00A602C /* NetworkManager.swift */ = {isa = PBXFileReference; lastKnownFileType = sourcecode.swift; path = NetworkManager.swift; sourceTree = "<group>"; };
		B6EAF93087BB286568864745 /* DataResult.swift */ = {isa = PBXFileReference; lastKnownFileType = sourcecode.swift; path = DataResult.swift; sourceTree = "<group>"; };
/* End PBXFileReference section */

/* Begin PBXFrameworksBuildPhase section */
		CD20C4B7FB849B4F9FE33094 /* Frameworks */ = {
			isa = PBXFrameworksBuildPhase;
			buildActionMask = 2147483647;
			files = (
				091C7C04B72A566F4944A176 /* Alamofire in Frameworks */,
			);
			runOnlyForDeploymentPostprocessing = 0;
		};
/* End PBXFrameworksBuildPhase section */

/* Begin PBXGroup section */
		2D29DFC27908A4EC776DAC0B /* Sources */ = {
			isa = PBXGroup;
			children = (
				B6EAF93087BB286568864745 /* DataResult.swift */,
				A60213FFF1DDD622E00A602C /* NetworkManager.swift */,
				54A20B7A26572F0D278D513F /* NetworkPath.swift */,
				983B7F5FFD972297ADD6C1C6 /* Request.swift */,
				6385BCEE1933B55D34E52581 /* TargetType.swift */,
			);
			path = Sources;
			sourceTree = "<group>";
		};
		C3D501F413187950FE7763B3 /* InfoPlists */ = {
			isa = PBXGroup;
			children = (
				28DBDBD334AF10F9CAC7682B /* NetworkKit-Info.plist */,
			);
			path = InfoPlists;
			sourceTree = "<group>";
		};
		CEAC9E41B56E8FC566778687 /* Products */ = {
			isa = PBXGroup;
			children = (
				8D16F42116C9DD2902A0175D /* NetworkKit.framework */,
			);
			name = Products;
			sourceTree = "<group>";
		};
		E30427D2759F6CE2F3BF76DD /* Project */ = {
			isa = PBXGroup;
			children = (
				F72D42525B145EBA6D5941D9 /* Derived */,
				2D29DFC27908A4EC776DAC0B /* Sources */,
			);
			name = Project;
			sourceTree = "<group>";
		};
		E53E46E8189AC4FF83123270 /* Frameworks */ = {
			isa = PBXGroup;
			children = (
			);
			name = Frameworks;
			sourceTree = "<group>";
		};
		EC9B2BF6F62C09AD138FC528 = {
			isa = PBXGroup;
			children = (
				E30427D2759F6CE2F3BF76DD /* Project */,
				E53E46E8189AC4FF83123270 /* Frameworks */,
				CEAC9E41B56E8FC566778687 /* Products */,
			);
			sourceTree = "<group>";
		};
		F72D42525B145EBA6D5941D9 /* Derived */ = {
			isa = PBXGroup;
			children = (
				C3D501F413187950FE7763B3 /* InfoPlists */,
			);
			path = Derived;
			sourceTree = "<group>";
		};
/* End PBXGroup section */

/* Begin PBXNativeTarget section */
		DC93B437E5CFD867C043748F /* NetworkKit */ = {
			isa = PBXNativeTarget;
			buildConfigurationList = 7104FC7AD3DA53472F3557A5 /* Build configuration list for PBXNativeTarget "NetworkKit" */;
			buildPhases = (
				FFB50B8FC5F7881326CE970A /* Sources */,
				4AED24F98CBD844FD313189C /* Resources */,
				996AF320FE49399744830ED0 /* Embed Frameworks */,
				CD20C4B7FB849B4F9FE33094 /* Frameworks */,
			);
			buildRules = (
			);
			dependencies = (
			);
			name = NetworkKit;
			packageProductDependencies = (
				2F7DDC9F7DE10294C9D05B40 /* Alamofire */,
			);
			productName = NetworkKit;
			productReference = 8D16F42116C9DD2902A0175D /* NetworkKit.framework */;
			productType = "com.apple.product-type.framework";
		};
/* End PBXNativeTarget section */

/* Begin PBXProject section */
		354C1C28EB130ABD6428A2E9 /* Project object */ = {
			isa = PBXProject;
			attributes = {
				BuildIndependentTargetsInParallel = YES;
				TargetAttributes = {
				};
			};
			buildConfigurationList = AF6470F716A4A8AD9C74B14B /* Build configuration list for PBXProject "NetworkKit" */;
			compatibilityVersion = "Xcode 14.0";
			developmentRegion = en;
			hasScannedForEncodings = 0;
			knownRegions = (
				Base,
				en,
			);
			mainGroup = EC9B2BF6F62C09AD138FC528;
			packageReferences = (
				25DE960FDC9195FB5C754B24 /* XCRemoteSwiftPackageReference "Alamofire" */,
			);
			productRefGroup = CEAC9E41B56E8FC566778687 /* Products */;
			projectDirPath = "";
			projectRoot = "";
			targets = (
				DC93B437E5CFD867C043748F /* NetworkKit */,
			);
		};
/* End PBXProject section */

/* Begin PBXResourcesBuildPhase section */
		4AED24F98CBD844FD313189C /* Resources */ = {
			isa = PBXResourcesBuildPhase;
			buildActionMask = 2147483647;
			files = (
			);
			runOnlyForDeploymentPostprocessing = 0;
		};
/* End PBXResourcesBuildPhase section */

/* Begin PBXSourcesBuildPhase section */
		FFB50B8FC5F7881326CE970A /* Sources */ = {
			isa = PBXSourcesBuildPhase;
			buildActionMask = 2147483647;
			files = (
				2023500A33A32A68AD20C2A0 /* DataResult.swift in Sources */,
				9ED7AEEA445F133DC36C20B1 /* NetworkManager.swift in Sources */,
				74A427CAB1829BBC67D065C9 /* NetworkPath.swift in Sources */,
				215BB58BB1FF3AF95A5C715B /* Request.swift in Sources */,
				8B7EC0E6F51F249A8821D18C /* TargetType.swift in Sources */,
			);
			runOnlyForDeploymentPostprocessing = 0;
		};
/* End PBXSourcesBuildPhase section */

/* Begin XCBuildConfiguration section */
		631FE0259D2A92F5C8234DED /* Debug */ = {
			isa = XCBuildConfiguration;
			buildSettings = {
				ALWAYS_SEARCH_USER_PATHS = NO;
				CLANG_ANALYZER_LOCALIZABILITY_NONLOCALIZED = YES;
				CLANG_ANALYZER_NONNULL = YES;
				CLANG_ANALYZER_NUMBER_OBJECT_CONVERSION = YES_AGGRESSIVE;
				CLANG_CXX_LANGUAGE_STANDARD = "gnu++14";
				CLANG_CXX_LIBRARY = "libc++";
				CLANG_ENABLE_MODULES = YES;
				CLANG_ENABLE_OBJC_ARC = YES;
				CLANG_ENABLE_OBJC_WEAK = YES;
				CLANG_WARN_BLOCK_CAPTURE_AUTORELEASING = YES;
				CLANG_WARN_BOOL_CONVERSION = YES;
				CLANG_WARN_COMMA = YES;
				CLANG_WARN_CONSTANT_CONVERSION = YES;
				CLANG_WARN_DEPRECATED_OBJC_IMPLEMENTATIONS = YES;
				CLANG_WARN_DIRECT_OBJC_ISA_USAGE = YES_ERROR;
				CLANG_WARN_DOCUMENTATION_COMMENTS = YES;
				CLANG_WARN_EMPTY_BODY = YES;
				CLANG_WARN_ENUM_CONVERSION = YES;
				CLANG_WARN_INFINITE_RECURSION = YES;
				CLANG_WARN_INT_CONVERSION = YES;
				CLANG_WARN_NON_LITERAL_NULL_CONVERSION = YES;
				CLANG_WARN_OBJC_IMPLICIT_RETAIN_SELF = YES;
				CLANG_WARN_OBJC_LITERAL_CONVERSION = YES;
				CLANG_WARN_OBJC_ROOT_CLASS = YES_ERROR;
				CLANG_WARN_QUOTED_INCLUDE_IN_FRAMEWORK_HEADER = YES;
				CLANG_WARN_RANGE_LOOP_ANALYSIS = YES;
				CLANG_WARN_STRICT_PROTOTYPES = YES;
				CLANG_WARN_SUSPICIOUS_MOVE = YES;
				CLANG_WARN_UNGUARDED_AVAILABILITY = YES_AGGRESSIVE;
				CLANG_WARN_UNREACHABLE_CODE = YES;
				CLANG_WARN__DUPLICATE_METHOD_MATCH = YES;
				COPY_PHASE_STRIP = NO;
				DEAD_CODE_STRIPPING = YES;
				DEBUG_INFORMATION_FORMAT = dwarf;
				ENABLE_STRICT_OBJC_MSGSEND = YES;
				ENABLE_TESTABILITY = YES;
				GCC_C_LANGUAGE_STANDARD = gnu11;
				GCC_DYNAMIC_NO_PIC = NO;
				GCC_NO_COMMON_BLOCKS = YES;
				GCC_OPTIMIZATION_LEVEL = 0;
				GCC_PREPROCESSOR_DEFINITIONS = (
					"DEBUG=1",
					"$(inherited)",
				);
				GCC_WARN_64_TO_32_BIT_CONVERSION = YES;
				GCC_WARN_ABOUT_RETURN_TYPE = YES_ERROR;
				GCC_WARN_UNDECLARED_SELECTOR = YES;
				GCC_WARN_UNINITIALIZED_AUTOS = YES_AGGRESSIVE;
				GCC_WARN_UNUSED_FUNCTION = YES;
				GCC_WARN_UNUSED_VARIABLE = YES;
				MTL_ENABLE_DEBUG_INFO = YES;
				ONLY_ACTIVE_ARCH = YES;
				PRODUCT_NAME = "$(TARGET_NAME)";
			};
			name = Debug;
		};
		D6063C40E7A4EEEE43C8467C /* Release */ = {
			isa = XCBuildConfiguration;
			buildSettings = {
				ALWAYS_SEARCH_USER_PATHS = NO;
				CLANG_ANALYZER_LOCALIZABILITY_NONLOCALIZED = YES;
				CLANG_ANALYZER_NONNULL = YES;
				CLANG_ANALYZER_NUMBER_OBJECT_CONVERSION = YES_AGGRESSIVE;
				CLANG_CXX_LANGUAGE_STANDARD = "gnu++14";
				CLANG_CXX_LIBRARY = "libc++";
				CLANG_ENABLE_MODULES = YES;
				CLANG_ENABLE_OBJC_ARC = YES;
				CLANG_ENABLE_OBJC_WEAK = YES;
				CLANG_WARN_BLOCK_CAPTURE_AUTORELEASING = YES;
				CLANG_WARN_BOOL_CONVERSION = YES;
				CLANG_WARN_COMMA = YES;
				CLANG_WARN_CONSTANT_CONVERSION = YES;
				CLANG_WARN_DEPRECATED_OBJC_IMPLEMENTATIONS = YES;
				CLANG_WARN_DIRECT_OBJC_ISA_USAGE = YES_ERROR;
				CLANG_WARN_DOCUMENTATION_COMMENTS = YES;
				CLANG_WARN_EMPTY_BODY = YES;
				CLANG_WARN_ENUM_CONVERSION = YES;
				CLANG_WARN_INFINITE_RECURSION = YES;
				CLANG_WARN_INT_CONVERSION = YES;
				CLANG_WARN_NON_LITERAL_NULL_CONVERSION = YES;
				CLANG_WARN_OBJC_IMPLICIT_RETAIN_SELF = YES;
				CLANG_WARN_OBJC_LITERAL_CONVERSION = YES;
				CLANG_WARN_OBJC_ROOT_CLASS = YES_ERROR;
				CLANG_WARN_QUOTED_INCLUDE_IN_FRAMEWORK_HEADER = YES;
				CLANG_WARN_RANGE_LOOP_ANALYSIS = YES;
				CLANG_WARN_STRICT_PROTOTYPES = YES;
				CLANG_WARN_SUSPICIOUS_MOVE = YES;
				CLANG_WARN_UNGUARDED_AVAILABILITY = YES_AGGRESSIVE;
				CLANG_WARN_UNREACHABLE_CODE = YES;
				CLANG_WARN__DUPLICATE_METHOD_MATCH = YES;
				COPY_PHASE_STRIP = NO;
				DEAD_CODE_STRIPPING = YES;
				DEBUG_INFORMATION_FORMAT = "dwarf-with-dsym";
				ENABLE_NS_ASSERTIONS = NO;
				ENABLE_STRICT_OBJC_MSGSEND = YES;
				GCC_C_LANGUAGE_STANDARD = gnu11;
				GCC_NO_COMMON_BLOCKS = YES;
				GCC_WARN_64_TO_32_BIT_CONVERSION = YES;
				GCC_WARN_ABOUT_RETURN_TYPE = YES_ERROR;
				GCC_WARN_UNDECLARED_SELECTOR = YES;
				GCC_WARN_UNINITIALIZED_AUTOS = YES_AGGRESSIVE;
				GCC_WARN_UNUSED_FUNCTION = YES;
				GCC_WARN_UNUSED_VARIABLE = YES;
				MTL_ENABLE_DEBUG_INFO = NO;
				PRODUCT_NAME = "$(TARGET_NAME)";
				VALIDATE_PRODUCT = YES;
			};
			name = Release;
		};
		DBD07547D4F1F21CD71CED77 /* Debug */ = {
			isa = XCBuildConfiguration;
			buildSettings = {
				CODE_SIGN_IDENTITY = "";
				CURRENT_PROJECT_VERSION = 1;
				DEFINES_MODULE = YES;
				DYLIB_COMPATIBILITY_VERSION = 1;
				DYLIB_CURRENT_VERSION = 1;
				DYLIB_INSTALL_NAME_BASE = "@rpath";
				INFOPLIST_FILE = "Derived/InfoPlists/NetworkKit-Info.plist";
				INSTALL_PATH = "$(LOCAL_LIBRARY_DIR)/Frameworks";
				IPHONEOS_DEPLOYMENT_TARGET = 16.0;
				LD_RUNPATH_SEARCH_PATHS = (
					"$(inherited)",
					"@executable_path/Frameworks",
					"@loader_path/Frameworks",
				);
				MACH_O_TYPE = staticlib;
				PRODUCT_BUNDLE_IDENTIFIER = com.ios.NetworkKit;
				PRODUCT_NAME = NetworkKit;
				SDKROOT = iphoneos;
				SKIP_INSTALL = YES;
				SUPPORTS_MACCATALYST = NO;
				SUPPORTS_MAC_DESIGNED_FOR_IPHONE_IPAD = YES;
				SUPPORTS_XR_DESIGNED_FOR_IPHONE_IPAD = NO;
				SWIFT_ACTIVE_COMPILATION_CONDITIONS = DEBUG;
				SWIFT_COMPILATION_MODE = singlefile;
				SWIFT_OPTIMIZATION_LEVEL = "-Onone";
				SWIFT_VERSION = 5.0;
				TARGETED_DEVICE_FAMILY = 1;
				VERSIONING_SYSTEM = "apple-generic";
				VERSION_INFO_PREFIX = "";
			};
			name = Debug;
		};
		FA8BC43AC0A6573CCEBB4774 /* Release */ = {
			isa = XCBuildConfiguration;
			buildSettings = {
				CODE_SIGN_IDENTITY = "";
				CURRENT_PROJECT_VERSION = 1;
				DEFINES_MODULE = YES;
				DYLIB_COMPATIBILITY_VERSION = 1;
				DYLIB_CURRENT_VERSION = 1;
				DYLIB_INSTALL_NAME_BASE = "@rpath";
				INFOPLIST_FILE = "Derived/InfoPlists/NetworkKit-Info.plist";
				INSTALL_PATH = "$(LOCAL_LIBRARY_DIR)/Frameworks";
				IPHONEOS_DEPLOYMENT_TARGET = 16.0;
				LD_RUNPATH_SEARCH_PATHS = (
					"$(inherited)",
					"@executable_path/Frameworks",
					"@loader_path/Frameworks",
				);
				MACH_O_TYPE = staticlib;
				PRODUCT_BUNDLE_IDENTIFIER = com.ios.NetworkKit;
				PRODUCT_NAME = NetworkKit;
				SDKROOT = iphoneos;
				SKIP_INSTALL = YES;
				SUPPORTS_MACCATALYST = NO;
				SUPPORTS_MAC_DESIGNED_FOR_IPHONE_IPAD = YES;
				SUPPORTS_XR_DESIGNED_FOR_IPHONE_IPAD = NO;
				SWIFT_COMPILATION_MODE = wholemodule;
				SWIFT_OPTIMIZATION_LEVEL = "-Owholemodule";
				SWIFT_VERSION = 5.0;
				TARGETED_DEVICE_FAMILY = 1;
				VERSIONING_SYSTEM = "apple-generic";
				VERSION_INFO_PREFIX = "";
			};
			name = Release;
		};
/* End XCBuildConfiguration section */

/* Begin XCConfigurationList section */
		7104FC7AD3DA53472F3557A5 /* Build configuration list for PBXNativeTarget "NetworkKit" */ = {
			isa = XCConfigurationList;
			buildConfigurations = (
				DBD07547D4F1F21CD71CED77 /* Debug */,
				FA8BC43AC0A6573CCEBB4774 /* Release */,
			);
			defaultConfigurationIsVisible = 0;
			defaultConfigurationName = Release;
		};
		AF6470F716A4A8AD9C74B14B /* Build configuration list for PBXProject "NetworkKit" */ = {
			isa = XCConfigurationList;
			buildConfigurations = (
				631FE0259D2A92F5C8234DED /* Debug */,
				D6063C40E7A4EEEE43C8467C /* Release */,
			);
			defaultConfigurationIsVisible = 0;
			defaultConfigurationName = Release;
		};
/* End XCConfigurationList section */

/* Begin XCRemoteSwiftPackageReference section */
		25DE960FDC9195FB5C754B24 /* XCRemoteSwiftPackageReference "Alamofire" */ = {
			isa = XCRemoteSwiftPackageReference;
			repositoryURL = "https://github.com/Alamofire/Alamofire.git";
			requirement = {
				kind = upToNextMajorVersion;
				minimumVersion = 5.8.1;
			};
		};
/* End XCRemoteSwiftPackageReference section */

/* Begin XCSwiftPackageProductDependency section */
		2F7DDC9F7DE10294C9D05B40 /* Alamofire */ = {
			isa = XCSwiftPackageProductDependency;
			productName = Alamofire;
		};
/* End XCSwiftPackageProductDependency section */
	};
	rootObject = 354C1C28EB130ABD6428A2E9 /* Project object */;
}
