<?xml version="1.0" encoding="UTF-8"?>
<Scheme
   LastUpgradeVersion = "1010"
   version = "1.3">
   <BuildAction
      parallelizeBuildables = "YES"
      buildImplicitDependencies = "YES">
      <BuildActionEntries>
         <BuildActionEntry
            buildForTesting = "YES"
            buildForRunning = "YES"
            buildForProfiling = "YES"
            buildForArchiving = "YES"
            buildForAnalyzing = "YES">
            <BuildableReference
               BuildableIdentifier = "primary"
               BlueprintIdentifier = "2938079BAB934D23D2C48409"
               BuildableName = "AccountActionModule.framework"
               BlueprintName = "AccountActionModule"
               ReferencedContainer = "container:Modules/SharedModules/AccountActionModule/AccountActionModule.xcodeproj">
            </BuildableReference>
         </BuildActionEntry>
         <BuildActionEntry
            buildForTesting = "YES"
            buildForRunning = "YES"
            buildForProfiling = "YES"
            buildForArchiving = "YES"
            buildForAnalyzing = "YES">
            <BuildableReference
               BuildableIdentifier = "primary"
               BlueprintIdentifier = "36E61AA0A0917A92DDC3954E"
               BuildableName = "AccountActionModuleInterface.framework"
               BlueprintName = "AccountActionModuleInterface"
               ReferencedContainer = "container:Modules/SharedModules/AccountActionModule/AccountActionModule.xcodeproj">
            </BuildableReference>
         </BuildActionEntry>
         <BuildActionEntry
            buildForTesting = "YES"
            buildForRunning = "YES"
            buildForProfiling = "YES"
            buildForArchiving = "YES"
            buildForAnalyzing = "YES">
            <BuildableReference
               BuildableIdentifier = "primary"
               BlueprintIdentifier = "A8457562E5B599B7D8615875"
               BuildableName = "AdoptingHomeModule.framework"
               BlueprintName = "AdoptingHomeModule"
               ReferencedContainer = "container:Modules/DomainModules/AdoptingHomeModule/AdoptingHomeModule.xcodeproj">
            </BuildableReference>
         </BuildActionEntry>
         <BuildActionEntry
            buildForTesting = "YES"
            buildForRunning = "YES"
            buildForProfiling = "YES"
            buildForArchiving = "YES"
            buildForAnalyzing = "YES">
            <BuildableReference
               BuildableIdentifier = "primary"
               BlueprintIdentifier = "5D6A542A0846B5CF22692A7B"
               BuildableName = "AdoptingHomeModuleInterface.framework"
               BlueprintName = "AdoptingHomeModuleInterface"
               ReferencedContainer = "container:Modules/DomainModules/AdoptingHomeModule/AdoptingHomeModule.xcodeproj">
            </BuildableReference>
         </BuildActionEntry>
         <BuildActionEntry
            buildForTesting = "YES"
            buildForRunning = "YES"
            buildForProfiling = "YES"
            buildForArchiving = "YES"
            buildForAnalyzing = "YES">
            <BuildableReference
               BuildableIdentifier = "primary"
               BlueprintIdentifier = "0AA8D5C97597F1EBABF0979F"
               BuildableName = "AdoptingHomeModule_AdoptingHomeModule.bundle"
               BlueprintName = "AdoptingHomeModule_AdoptingHomeModule"
               ReferencedContainer = "container:Modules/DomainModules/AdoptingHomeModule/AdoptingHomeModule.xcodeproj">
            </BuildableReference>
         </BuildActionEntry>
         <BuildActionEntry
            buildForTesting = "YES"
            buildForRunning = "YES"
            buildForProfiling = "YES"
            buildForArchiving = "YES"
            buildForAnalyzing = "YES">
            <BuildableReference
               BuildableIdentifier = "primary"
               BlueprintIdentifier = "5D69A159F32406F462F6DE91"
               BuildableName = "AdvertDetailModule.framework"
               BlueprintName = "AdvertDetailModule"
               ReferencedContainer = "container:Modules/SharedModules/AdvertDetailModule/AdvertDetailModule.xcodeproj">
            </BuildableReference>
         </BuildActionEntry>
         <BuildActionEntry
            buildForTesting = "YES"
            buildForRunning = "YES"
            buildForProfiling = "YES"
            buildForArchiving = "YES"
            buildForAnalyzing = "YES">
            <BuildableReference
               BuildableIdentifier = "primary"
               BlueprintIdentifier = "8A624C823BC02129830E58FF"
               BuildableName = "AdvertDetailModuleInterface.framework"
               BlueprintName = "AdvertDetailModuleInterface"
               ReferencedContainer = "container:Modules/SharedModules/AdvertDetailModule/AdvertDetailModule.xcodeproj">
            </BuildableReference>
         </BuildActionEntry>
         <BuildActionEntry
            buildForTesting = "YES"
            buildForRunning = "YES"
            buildForProfiling = "YES"
            buildForArchiving = "YES"
            buildForAnalyzing = "YES">
            <BuildableReference
               BuildableIdentifier = "primary"
               BlueprintIdentifier = "04AA7E661C36968731E69A47"
               BuildableName = "AdvertDetailModule_AdvertDetailModule.bundle"
               BlueprintName = "AdvertDetailModule_AdvertDetailModule"
               ReferencedContainer = "container:Modules/SharedModules/AdvertDetailModule/AdvertDetailModule.xcodeproj">
            </BuildableReference>
         </BuildActionEntry>
         <BuildActionEntry
            buildForTesting = "YES"
            buildForRunning = "YES"
            buildForProfiling = "YES"
            buildForArchiving = "YES"
            buildForAnalyzing = "YES">
            <BuildableReference
               BuildableIdentifier = "primary"
               BlueprintIdentifier = "8A76FF1C299AEF1EE7CF3653"
               BuildableName = "AdvertFilterModule.framework"
               BlueprintName = "AdvertFilterModule"
               ReferencedContainer = "container:Modules/SharedModules/AdvertFilterModule/AdvertFilterModule.xcodeproj">
            </BuildableReference>
         </BuildActionEntry>
         <BuildActionEntry
            buildForTesting = "YES"
            buildForRunning = "YES"
            buildForProfiling = "YES"
            buildForArchiving = "YES"
            buildForAnalyzing = "YES">
            <BuildableReference
               BuildableIdentifier = "primary"
               BlueprintIdentifier = "76836ADCAAC48692C4F6493B"
               BuildableName = "AdvertFilterModuleInterface.framework"
               BlueprintName = "AdvertFilterModuleInterface"
               ReferencedContainer = "container:Modules/SharedModules/AdvertFilterModule/AdvertFilterModule.xcodeproj">
            </BuildableReference>
         </BuildActionEntry>
         <BuildActionEntry
            buildForTesting = "YES"
            buildForRunning = "YES"
            buildForProfiling = "YES"
            buildForArchiving = "YES"
            buildForAnalyzing = "YES">
            <BuildableReference
               BuildableIdentifier = "primary"
               BlueprintIdentifier = "77A705E112BA78834D2901D0"
               BuildableName = "CommonKit.framework"
               BlueprintName = "CommonKit"
               ReferencedContainer = "container:Kits/SharedKits/CommonKit/CommonKit.xcodeproj">
            </BuildableReference>
         </BuildActionEntry>
         <BuildActionEntry
            buildForTesting = "YES"
            buildForRunning = "YES"
            buildForProfiling = "YES"
            buildForArchiving = "YES"
            buildForAnalyzing = "YES">
            <BuildableReference
               BuildableIdentifier = "primary"
               BlueprintIdentifier = "7586EA62E36490DC21EE485A"
               BuildableName = "CreateAdvertListModule.framework"
               BlueprintName = "CreateAdvertListModule"
               ReferencedContainer = "container:Modules/DomainModules/CreateAdvertListModule/CreateAdvertListModule.xcodeproj">
            </BuildableReference>
         </BuildActionEntry>
         <BuildActionEntry
            buildForTesting = "YES"
            buildForRunning = "YES"
            buildForProfiling = "YES"
            buildForArchiving = "YES"
            buildForAnalyzing = "YES">
            <BuildableReference
               BuildableIdentifier = "primary"
               BlueprintIdentifier = "61F1C98E1D0B0B2B0CE6C63B"
               BuildableName = "CreateAdvertListModuleInterface.framework"
               BlueprintName = "CreateAdvertListModuleInterface"
               ReferencedContainer = "container:Modules/DomainModules/CreateAdvertListModule/CreateAdvertListModule.xcodeproj">
            </BuildableReference>
         </BuildActionEntry>
         <BuildActionEntry
            buildForTesting = "YES"
            buildForRunning = "YES"
            buildForProfiling = "YES"
            buildForArchiving = "YES"
            buildForAnalyzing = "YES">
            <BuildableReference
               BuildableIdentifier = "primary"
               BlueprintIdentifier = "F714091D6491E173A7EDF14C"
               BuildableName = "CreateAdvertModule.framework"
               BlueprintName = "CreateAdvertModule"
               ReferencedContainer = "container:Modules/DomainModules/CreateAdvertModule/CreateAdvertModule.xcodeproj">
            </BuildableReference>
         </BuildActionEntry>
         <BuildActionEntry
            buildForTesting = "YES"
            buildForRunning = "YES"
            buildForProfiling = "YES"
            buildForArchiving = "YES"
            buildForAnalyzing = "YES">
            <BuildableReference
               BuildableIdentifier = "primary"
               BlueprintIdentifier = "FB2D4E02823F725CC488F1F6"
               BuildableName = "CreateAdvertModuleInterface.framework"
               BlueprintName = "CreateAdvertModuleInterface"
               ReferencedContainer = "container:Modules/DomainModules/CreateAdvertModule/CreateAdvertModule.xcodeproj">
            </BuildableReference>
         </BuildActionEntry>
         <BuildActionEntry
            buildForTesting = "YES"
            buildForRunning = "YES"
            buildForProfiling = "YES"
            buildForArchiving = "YES"
            buildForAnalyzing = "YES">
            <BuildableReference
               BuildableIdentifier = "primary"
               BlueprintIdentifier = "912734675B50508DEB00D7F3"
               BuildableName = "DependencyKit.framework"
               BlueprintName = "DependencyKit"
               ReferencedContainer = "container:Kits/CoreKits/DependencyKit/DependencyKit.xcodeproj">
            </BuildableReference>
         </BuildActionEntry>
         <BuildActionEntry
            buildForTesting = "YES"
            buildForRunning = "YES"
            buildForProfiling = "YES"
            buildForArchiving = "YES"
            buildForAnalyzing = "YES">
            <BuildableReference
               BuildableIdentifier = "primary"
               BlueprintIdentifier = "5E36DB04F3E7F697678AC2BB"
               BuildableName = "FavListModule.framework"
               BlueprintName = "FavListModule"
               ReferencedContainer = "container:Modules/DomainModules/FavListModule/FavListModule.xcodeproj">
            </BuildableReference>
         </BuildActionEntry>
         <BuildActionEntry
            buildForTesting = "YES"
            buildForRunning = "YES"
            buildForProfiling = "YES"
            buildForArchiving = "YES"
            buildForAnalyzing = "YES">
            <BuildableReference
               BuildableIdentifier = "primary"
               BlueprintIdentifier = "F53D2123458CBCCBF31DBE68"
               BuildableName = "FavListModuleInterface.framework"
               BlueprintName = "FavListModuleInterface"
               ReferencedContainer = "container:Modules/DomainModules/FavListModule/FavListModule.xcodeproj">
            </BuildableReference>
         </BuildActionEntry>
         <BuildActionEntry
            buildForTesting = "YES"
            buildForRunning = "YES"
            buildForProfiling = "YES"
            buildForArchiving = "YES"
            buildForAnalyzing = "YES">
            <BuildableReference
               BuildableIdentifier = "primary"
               BlueprintIdentifier = "28A1A30D7349A4DCC4A96D79"
               BuildableName = "ModelKit.framework"
               BlueprintName = "ModelKit"
               ReferencedContainer = "container:Kits/SharedKits/ModelKit/ModelKit.xcodeproj">
            </BuildableReference>
         </BuildActionEntry>
         <BuildActionEntry
            buildForTesting = "YES"
            buildForRunning = "YES"
            buildForProfiling = "YES"
            buildForArchiving = "YES"
            buildForAnalyzing = "YES">
            <BuildableReference
               BuildableIdentifier = "primary"
               BlueprintIdentifier = "DC93B437E5CFD867C043748F"
               BuildableName = "NetworkKit.framework"
               BlueprintName = "NetworkKit"
               ReferencedContainer = "container:Kits/DomainKits/NetworkKit/NetworkKit.xcodeproj">
            </BuildableReference>
         </BuildActionEntry>
         <BuildActionEntry
            buildForTesting = "YES"
            buildForRunning = "YES"
            buildForProfiling = "YES"
            buildForArchiving = "YES"
            buildForAnalyzing = "YES">
            <BuildableReference
               BuildableIdentifier = "primary"
               BlueprintIdentifier = "F49C9490020276A82EBF4B85"
               BuildableName = "OnboardingModule.framework"
               BlueprintName = "OnboardingModule"
               ReferencedContainer = "container:Modules/DomainModules/OnboardingModule/OnboardingModule.xcodeproj">
            </BuildableReference>
         </BuildActionEntry>
         <BuildActionEntry
            buildForTesting = "YES"
            buildForRunning = "YES"
            buildForProfiling = "YES"
            buildForArchiving = "YES"
            buildForAnalyzing = "YES">
            <BuildableReference
               BuildableIdentifier = "primary"
               BlueprintIdentifier = "369EADD5F098B373878CEA76"
               BuildableName = "OnboardingModuleInterface.framework"
               BlueprintName = "OnboardingModuleInterface"
               ReferencedContainer = "container:Modules/DomainModules/OnboardingModule/OnboardingModule.xcodeproj">
            </BuildableReference>
         </BuildActionEntry>
         <BuildActionEntry
            buildForTesting = "YES"
            buildForRunning = "YES"
            buildForProfiling = "YES"
            buildForArchiving = "YES"
            buildForAnalyzing = "YES">
            <BuildableReference
               BuildableIdentifier = "primary"
               BlueprintIdentifier = "38F3660BE7257B6D1592379B"
               BuildableName = "OnboardingModule_OnboardingModule.bundle"
               BlueprintName = "OnboardingModule_OnboardingModule"
               ReferencedContainer = "container:Modules/DomainModules/OnboardingModule/OnboardingModule.xcodeproj">
            </BuildableReference>
         </BuildActionEntry>
         <BuildActionEntry
            buildForTesting = "YES"
            buildForRunning = "YES"
            buildForProfiling = "YES"
            buildForArchiving = "YES"
            buildForAnalyzing = "YES">
            <BuildableReference
               BuildableIdentifier = "primary"
               BlueprintIdentifier = "F4125E53B71213C228981713"
               BuildableName = "Paw.app"
               BlueprintName = "Paw"
               ReferencedContainer = "container:App/Paw.xcodeproj">
            </BuildableReference>
         </BuildActionEntry>
         <BuildActionEntry
            buildForTesting = "YES"
            buildForRunning = "YES"
            buildForProfiling = "YES"
            buildForArchiving = "YES"
            buildForAnalyzing = "YES">
            <BuildableReference
               BuildableIdentifier = "primary"
               BlueprintIdentifier = "95E9A7F0BB75F346983F357F"
               BuildableName = "TabbarModule.framework"
               BlueprintName = "TabbarModule"
               ReferencedContainer = "container:Modules/DomainModules/TabbarModule/TabbarModule.xcodeproj">
            </BuildableReference>
         </BuildActionEntry>
         <BuildActionEntry
            buildForTesting = "YES"
            buildForRunning = "YES"
            buildForProfiling = "YES"
            buildForArchiving = "YES"
            buildForAnalyzing = "YES">
            <BuildableReference
               BuildableIdentifier = "primary"
               BlueprintIdentifier = "A3C134D9CA3AC70D65D26B0B"
               BuildableName = "TabbarModuleInterface.framework"
               BlueprintName = "TabbarModuleInterface"
               ReferencedContainer = "container:Modules/DomainModules/TabbarModule/TabbarModule.xcodeproj">
            </BuildableReference>
         </BuildActionEntry>
      </BuildActionEntries>
   </BuildAction>
   <TestAction
      buildConfiguration = "Debug"
      selectedDebuggerIdentifier = "Xcode.DebuggerFoundation.Debugger.LLDB"
      selectedLauncherIdentifier = "Xcode.DebuggerFoundation.Launcher.LLDB"
      shouldUseLaunchSchemeArgsEnv = "YES">
      <Testables>
      </Testables>
   </TestAction>
   <LaunchAction
      buildConfiguration = "Debug"
      selectedDebuggerIdentifier = "Xcode.DebuggerFoundation.Debugger.LLDB"
      selectedLauncherIdentifier = "Xcode.DebuggerFoundation.Launcher.LLDB"
      launchStyle = "0"
      useCustomWorkingDirectory = "NO"
      ignoresPersistentStateOnLaunch = "NO"
      debugDocumentVersioning = "YES"
      debugServiceExtension = "internal"
      allowLocationSimulation = "YES">
      <MacroExpansion>
         <BuildableReference
            BuildableIdentifier = "primary"
            BlueprintIdentifier = "2938079BAB934D23D2C48409"
            BuildableName = "AccountActionModule.framework"
            BlueprintName = "AccountActionModule"
            ReferencedContainer = "container:Modules/SharedModules/AccountActionModule/AccountActionModule.xcodeproj">
         </BuildableReference>
      </MacroExpansion>
   </LaunchAction>
   <ProfileAction
      buildConfiguration = "Release"
      shouldUseLaunchSchemeArgsEnv = "YES"
      savedToolIdentifier = ""
      useCustomWorkingDirectory = "NO"
      debugDocumentVersioning = "YES">
      <MacroExpansion>
         <BuildableReference
            BuildableIdentifier = "primary"
            BlueprintIdentifier = "2938079BAB934D23D2C48409"
            BuildableName = "AccountActionModule.framework"
            BlueprintName = "AccountActionModule"
            ReferencedContainer = "container:Modules/SharedModules/AccountActionModule/AccountActionModule.xcodeproj">
         </BuildableReference>
      </MacroExpansion>
   </ProfileAction>
   <AnalyzeAction
      buildConfiguration = "Debug">
   </AnalyzeAction>
   <ArchiveAction
      buildConfiguration = "Release"
      revealArchiveInOrganizer = "YES">
   </ArchiveAction>
</Scheme>
