// !$*UTF8*$!
{
	archiveVersion = 1;
	classes = {
	};
	objectVersion = 55;
	objects = {

/* Begin PBXBuildFile section */
		24FDA39EE873309DBD7E8813 /* OnboardingModuleInterface.framework in Frameworks */ = {isa = PBXBuildFile; fileRef = DFB464AE38F621748E4F61BF /* OnboardingModuleInterface.framework */; };
		2C9E2A4EC38DB327977D6266 /* AdoptingHomeModule_AdoptingHomeModule.bundle in Resources */ = {isa = PBXBuildFile; fileRef = E23C61CC8746D3FA65B22D48 /* AdoptingHomeModule_AdoptingHomeModule.bundle */; };
		2E53B569F24FBC83A974CB42 /* TuistBundle+Paw.swift in Sources */ = {isa = PBXBuildFile; fileRef = 10348E04D5F333A54C38FDFB /* TuistBundle+Paw.swift */; };
		349EBB4E85D6F3EC32643E75 /* TabbarModuleInterface.framework in Frameworks */ = {isa = PBXBuildFile; fileRef = BEE15F2428FB76894A071121 /* TabbarModuleInterface.framework */; };
		3D827966CCB96EF58D23FFCB /* CommonKit.framework in Frameworks */ = {isa = PBXBuildFile; fileRef = E65F1E8D330DFCBD100AAF9C /* CommonKit.framework */; };
		3F6E95915180FDEE036B9E25 /* TabbarModule.framework in Frameworks */ = {isa = PBXBuildFile; fileRef = C87DF3EDE84FAF15E98DAF49 /* TabbarModule.framework */; };
		409A4827EAACA9109DCFFF6D /* DependencyRegister.swift in Sources */ = {isa = PBXBuildFile; fileRef = AADC07A8937CC26D4CA47454 /* DependencyRegister.swift */; };
		570C1CB5BA50656C7AAE0CA5 /* OnboardingModule_OnboardingModule.bundle in Dependencies */ = {isa = PBXBuildFile; fileRef = 9DE43C9C6BAE2591578EC6B0 /* OnboardingModule_OnboardingModule.bundle */; };
		69FE997362E2833AFA4954CC /* AdvertDetailModule_AdvertDetailModule.bundle in Dependencies */ = {isa = PBXBuildFile; fileRef = 355861AAD73B2F3794B225D0 /* AdvertDetailModule_AdvertDetailModule.bundle */; };
		7A0044D57CD9CA6126BF042C /* NetworkKit.framework in Frameworks */ = {isa = PBXBuildFile; fileRef = AEDDAC3A771DD98B35EE8780 /* NetworkKit.framework */; };
		81258CEC95FEFCFA6ACEB640 /* AdoptingHomeModuleInterface.framework in Frameworks */ = {isa = PBXBuildFile; fileRef = 5F703F19229EC05131B52073 /* AdoptingHomeModuleInterface.framework */; };
		81BFEAB2DE7FA233F5CC89B1 /* OnboardingModule_OnboardingModule.bundle in Resources */ = {isa = PBXBuildFile; fileRef = 9DE43C9C6BAE2591578EC6B0 /* OnboardingModule_OnboardingModule.bundle */; };
		953526606B257D91EDA97A29 /* AppDelegate.swift in Sources */ = {isa = PBXBuildFile; fileRef = 60FBF796437F4D7943A366A3 /* AppDelegate.swift */; };
		97E32100E20A06B5E292BA43 /* AdvertDetailModule.framework in Frameworks */ = {isa = PBXBuildFile; fileRef = 5D28737DD9CE5CD960E51E74 /* AdvertDetailModule.framework */; };
		B3789AEF144397026AB3CBC8 /* AdoptingHomeModule_AdoptingHomeModule.bundle in Dependencies */ = {isa = PBXBuildFile; fileRef = E23C61CC8746D3FA65B22D48 /* AdoptingHomeModule_AdoptingHomeModule.bundle */; };
		CD489541748176B9530562FF /* DependencyKit.framework in Frameworks */ = {isa = PBXBuildFile; fileRef = 23B46EAE9B881910DFED69AC /* DependencyKit.framework */; };
		D11D2BAC145D539CF927950F /* AdvertDetailModuleInterface.framework in Frameworks */ = {isa = PBXBuildFile; fileRef = 8F24752CAC75C5524624AEE6 /* AdvertDetailModuleInterface.framework */; };
		D31CA952D482AE8BF6FAE34A /* LaunchScreen.storyboard in Resources */ = {isa = PBXBuildFile; fileRef = F760D7C788EB003230DE08D5 /* LaunchScreen.storyboard */; };
		D8DB805337450EF309DB7A0B /* AdoptingHomeModule.framework in Frameworks */ = {isa = PBXBuildFile; fileRef = 9FA24D5D262416DF4DBA0FCB /* AdoptingHomeModule.framework */; };
		DC37F4176E3FD8015547FAB4 /* OnboardingModule.framework in Frameworks */ = {isa = PBXBuildFile; fileRef = F509BB75EF7C7A9609A5DF43 /* OnboardingModule.framework */; };
		F5E063B6DC5748EF7B8B983D /* AdvertDetailModule_AdvertDetailModule.bundle in Resources */ = {isa = PBXBuildFile; fileRef = 355861AAD73B2F3794B225D0 /* AdvertDetailModule_AdvertDetailModule.bundle */; };
/* End PBXBuildFile section */

/* Begin PBXCopyFilesBuildPhase section */
		556430381C4058E7339A3AC4 /* Dependencies */ = {
			isa = PBXCopyFilesBuildPhase;
			buildActionMask = 8;
			dstSubfolderSpec = 16;
			files = (
				B3789AEF144397026AB3CBC8 /* AdoptingHomeModule_AdoptingHomeModule.bundle in Dependencies */,
				69FE997362E2833AFA4954CC /* AdvertDetailModule_AdvertDetailModule.bundle in Dependencies */,
				570C1CB5BA50656C7AAE0CA5 /* OnboardingModule_OnboardingModule.bundle in Dependencies */,
			);
			name = Dependencies;
			runOnlyForDeploymentPostprocessing = 1;
		};
		F885D342BA9A7C7C199651EA /* Embed Frameworks */ = {
			isa = PBXCopyFilesBuildPhase;
			buildActionMask = 2147483647;
			dstPath = "";
			dstSubfolderSpec = 10;
			files = (
			);
			name = "Embed Frameworks";
			runOnlyForDeploymentPostprocessing = 0;
		};
/* End PBXCopyFilesBuildPhase section */

/* Begin PBXFileReference section */
		10348E04D5F333A54C38FDFB /* TuistBundle+Paw.swift */ = {isa = PBXFileReference; lastKnownFileType = sourcecode.swift; path = "TuistBundle+Paw.swift"; sourceTree = "<group>"; };
		23B46EAE9B881910DFED69AC /* DependencyKit.framework */ = {isa = PBXFileReference; explicitFileType = wrapper.framework; includeInIndex = 0; path = DependencyKit.framework; sourceTree = BUILT_PRODUCTS_DIR; };
		355861AAD73B2F3794B225D0 /* AdvertDetailModule_AdvertDetailModule.bundle */ = {isa = PBXFileReference; explicitFileType = wrapper.cfbundle; includeInIndex = 0; path = AdvertDetailModule_AdvertDetailModule.bundle; sourceTree = BUILT_PRODUCTS_DIR; };
		5D28737DD9CE5CD960E51E74 /* AdvertDetailModule.framework */ = {isa = PBXFileReference; explicitFileType = wrapper.framework; includeInIndex = 0; path = AdvertDetailModule.framework; sourceTree = BUILT_PRODUCTS_DIR; };
		5F703F19229EC05131B52073 /* AdoptingHomeModuleInterface.framework */ = {isa = PBXFileReference; explicitFileType = wrapper.framework; includeInIndex = 0; path = AdoptingHomeModuleInterface.framework; sourceTree = BUILT_PRODUCTS_DIR; };
		60FBF796437F4D7943A366A3 /* AppDelegate.swift */ = {isa = PBXFileReference; lastKnownFileType = sourcecode.swift; path = AppDelegate.swift; sourceTree = "<group>"; };
		7960F6481FA40E69436C4DF6 /* Paw-Info.plist */ = {isa = PBXFileReference; lastKnownFileType = text.plist; path = "Paw-Info.plist"; sourceTree = "<group>"; };
		8F24752CAC75C5524624AEE6 /* AdvertDetailModuleInterface.framework */ = {isa = PBXFileReference; explicitFileType = wrapper.framework; includeInIndex = 0; path = AdvertDetailModuleInterface.framework; sourceTree = BUILT_PRODUCTS_DIR; };
		996DF3855B80F01B4D7F0AF4 /* Paw.app */ = {isa = PBXFileReference; explicitFileType = wrapper.application; includeInIndex = 0; path = Paw.app; sourceTree = BUILT_PRODUCTS_DIR; };
		9DE43C9C6BAE2591578EC6B0 /* OnboardingModule_OnboardingModule.bundle */ = {isa = PBXFileReference; explicitFileType = wrapper.cfbundle; includeInIndex = 0; path = OnboardingModule_OnboardingModule.bundle; sourceTree = BUILT_PRODUCTS_DIR; };
		9FA24D5D262416DF4DBA0FCB /* AdoptingHomeModule.framework */ = {isa = PBXFileReference; explicitFileType = wrapper.framework; includeInIndex = 0; path = AdoptingHomeModule.framework; sourceTree = BUILT_PRODUCTS_DIR; };
		AADC07A8937CC26D4CA47454 /* DependencyRegister.swift */ = {isa = PBXFileReference; lastKnownFileType = sourcecode.swift; path = DependencyRegister.swift; sourceTree = "<group>"; };
		AEDDAC3A771DD98B35EE8780 /* NetworkKit.framework */ = {isa = PBXFileReference; explicitFileType = wrapper.framework; includeInIndex = 0; path = NetworkKit.framework; sourceTree = BUILT_PRODUCTS_DIR; };
		BEE15F2428FB76894A071121 /* TabbarModuleInterface.framework */ = {isa = PBXFileReference; explicitFileType = wrapper.framework; includeInIndex = 0; path = TabbarModuleInterface.framework; sourceTree = BUILT_PRODUCTS_DIR; };
		C87DF3EDE84FAF15E98DAF49 /* TabbarModule.framework */ = {isa = PBXFileReference; explicitFileType = wrapper.framework; includeInIndex = 0; path = TabbarModule.framework; sourceTree = BUILT_PRODUCTS_DIR; };
		DFB464AE38F621748E4F61BF /* OnboardingModuleInterface.framework */ = {isa = PBXFileReference; explicitFileType = wrapper.framework; includeInIndex = 0; path = OnboardingModuleInterface.framework; sourceTree = BUILT_PRODUCTS_DIR; };
		E23C61CC8746D3FA65B22D48 /* AdoptingHomeModule_AdoptingHomeModule.bundle */ = {isa = PBXFileReference; explicitFileType = wrapper.cfbundle; includeInIndex = 0; path = AdoptingHomeModule_AdoptingHomeModule.bundle; sourceTree = BUILT_PRODUCTS_DIR; };
		E65F1E8D330DFCBD100AAF9C /* CommonKit.framework */ = {isa = PBXFileReference; explicitFileType = wrapper.framework; includeInIndex = 0; path = CommonKit.framework; sourceTree = BUILT_PRODUCTS_DIR; };
		F509BB75EF7C7A9609A5DF43 /* OnboardingModule.framework */ = {isa = PBXFileReference; explicitFileType = wrapper.framework; includeInIndex = 0; path = OnboardingModule.framework; sourceTree = BUILT_PRODUCTS_DIR; };
		F760D7C788EB003230DE08D5 /* LaunchScreen.storyboard */ = {isa = PBXFileReference; lastKnownFileType = file.storyboard; path = LaunchScreen.storyboard; sourceTree = "<group>"; };
/* End PBXFileReference section */

/* Begin PBXFrameworksBuildPhase section */
		4C0FCAC812F1D7243A934E73 /* Frameworks */ = {
			isa = PBXFrameworksBuildPhase;
			buildActionMask = 2147483647;
			files = (
				D8DB805337450EF309DB7A0B /* AdoptingHomeModule.framework in Frameworks */,
				81258CEC95FEFCFA6ACEB640 /* AdoptingHomeModuleInterface.framework in Frameworks */,
				97E32100E20A06B5E292BA43 /* AdvertDetailModule.framework in Frameworks */,
				D11D2BAC145D539CF927950F /* AdvertDetailModuleInterface.framework in Frameworks */,
				3D827966CCB96EF58D23FFCB /* CommonKit.framework in Frameworks */,
				CD489541748176B9530562FF /* DependencyKit.framework in Frameworks */,
				7A0044D57CD9CA6126BF042C /* NetworkKit.framework in Frameworks */,
				DC37F4176E3FD8015547FAB4 /* OnboardingModule.framework in Frameworks */,
				24FDA39EE873309DBD7E8813 /* OnboardingModuleInterface.framework in Frameworks */,
				3F6E95915180FDEE036B9E25 /* TabbarModule.framework in Frameworks */,
				349EBB4E85D6F3EC32643E75 /* TabbarModuleInterface.framework in Frameworks */,
			);
			runOnlyForDeploymentPostprocessing = 0;
		};
/* End PBXFrameworksBuildPhase section */

/* Begin PBXGroup section */
		42150FA3DD58CAF2A63483F5 /* Products */ = {
			isa = PBXGroup;
			children = (
				E23C61CC8746D3FA65B22D48 /* AdoptingHomeModule_AdoptingHomeModule.bundle */,
				9FA24D5D262416DF4DBA0FCB /* AdoptingHomeModule.framework */,
				5F703F19229EC05131B52073 /* AdoptingHomeModuleInterface.framework */,
				355861AAD73B2F3794B225D0 /* AdvertDetailModule_AdvertDetailModule.bundle */,
				5D28737DD9CE5CD960E51E74 /* AdvertDetailModule.framework */,
				8F24752CAC75C5524624AEE6 /* AdvertDetailModuleInterface.framework */,
				E65F1E8D330DFCBD100AAF9C /* CommonKit.framework */,
				23B46EAE9B881910DFED69AC /* DependencyKit.framework */,
				AEDDAC3A771DD98B35EE8780 /* NetworkKit.framework */,
				9DE43C9C6BAE2591578EC6B0 /* OnboardingModule_OnboardingModule.bundle */,
				F509BB75EF7C7A9609A5DF43 /* OnboardingModule.framework */,
				DFB464AE38F621748E4F61BF /* OnboardingModuleInterface.framework */,
				996DF3855B80F01B4D7F0AF4 /* Paw.app */,
				C87DF3EDE84FAF15E98DAF49 /* TabbarModule.framework */,
				BEE15F2428FB76894A071121 /* TabbarModuleInterface.framework */,
			);
			name = Products;
			sourceTree = "<group>";
		};
		6AB02FCD6BC9E37141268517 /* Derived */ = {
			isa = PBXGroup;
			children = (
				9A1225C27D2438C763618F3E /* InfoPlists */,
				BCBFD6610FE33387ED03C4A3 /* Sources */,
			);
			path = Derived;
			sourceTree = "<group>";
		};
		869CD3ABCFC192F3E0807574 /* Frameworks */ = {
			isa = PBXGroup;
			children = (
			);
			name = Frameworks;
			sourceTree = "<group>";
		};
		9A1225C27D2438C763618F3E /* InfoPlists */ = {
			isa = PBXGroup;
			children = (
				7960F6481FA40E69436C4DF6 /* Paw-Info.plist */,
			);
			path = InfoPlists;
			sourceTree = "<group>";
		};
		A5676BCB914CF0FD13150EF2 = {
			isa = PBXGroup;
			children = (
				D303660053638D8527076B75 /* Project */,
				869CD3ABCFC192F3E0807574 /* Frameworks */,
				42150FA3DD58CAF2A63483F5 /* Products */,
			);
			sourceTree = "<group>";
		};
		BCBFD6610FE33387ED03C4A3 /* Sources */ = {
			isa = PBXGroup;
			children = (
				10348E04D5F333A54C38FDFB /* TuistBundle+Paw.swift */,
			);
			path = Sources;
			sourceTree = "<group>";
		};
		CCB46E80478A09188A29DFB2 /* Resources */ = {
			isa = PBXGroup;
			children = (
				F760D7C788EB003230DE08D5 /* LaunchScreen.storyboard */,
			);
			path = Resources;
			sourceTree = "<group>";
		};
		D303660053638D8527076B75 /* Project */ = {
			isa = PBXGroup;
			children = (
				6AB02FCD6BC9E37141268517 /* Derived */,
				CCB46E80478A09188A29DFB2 /* Resources */,
				F60817EDCE09B3AF98A6DBCF /* Sources */,
			);
			name = Project;
			sourceTree = "<group>";
		};
		F60817EDCE09B3AF98A6DBCF /* Sources */ = {
			isa = PBXGroup;
			children = (
				60FBF796437F4D7943A366A3 /* AppDelegate.swift */,
				AADC07A8937CC26D4CA47454 /* DependencyRegister.swift */,
			);
			path = Sources;
			sourceTree = "<group>";
		};
/* End PBXGroup section */

/* Begin PBXNativeTarget section */
		F4125E53B71213C228981713 /* Paw */ = {
			isa = PBXNativeTarget;
			buildConfigurationList = 41069EA8102ED66FA11F6994 /* Build configuration list for PBXNativeTarget "Paw" */;
			buildPhases = (
				DB4E94606F4CC3246276329F /* Sources */,
				A7421AAEA4267B24ED72E4C2 /* Resources */,
				F885D342BA9A7C7C199651EA /* Embed Frameworks */,
				4C0FCAC812F1D7243A934E73 /* Frameworks */,
				556430381C4058E7339A3AC4 /* Dependencies */,
			);
			buildRules = (
			);
			dependencies = (
			);
			name = Paw;
			productName = Paw;
			productReference = 996DF3855B80F01B4D7F0AF4 /* Paw.app */;
			productType = "com.apple.product-type.application";
		};
/* End PBXNativeTarget section */

/* Begin PBXProject section */
		6E06A37E977E02D79F577AA3 /* Project object */ = {
			isa = PBXProject;
			attributes = {
				BuildIndependentTargetsInParallel = YES;
				TargetAttributes = {
				};
			};
			buildConfigurationList = 6295951EAF41487F45446915 /* Build configuration list for PBXProject "Paw" */;
			compatibilityVersion = "Xcode 14.0";
			developmentRegion = en;
			hasScannedForEncodings = 0;
			knownRegions = (
				Base,
				en,
			);
			mainGroup = A5676BCB914CF0FD13150EF2;
			productRefGroup = 42150FA3DD58CAF2A63483F5 /* Products */;
			projectDirPath = "";
			projectRoot = "";
			targets = (
				F4125E53B71213C228981713 /* Paw */,
			);
		};
/* End PBXProject section */

/* Begin PBXResourcesBuildPhase section */
		A7421AAEA4267B24ED72E4C2 /* Resources */ = {
			isa = PBXResourcesBuildPhase;
			buildActionMask = 2147483647;
			files = (
				D31CA952D482AE8BF6FAE34A /* LaunchScreen.storyboard in Resources */,
				2C9E2A4EC38DB327977D6266 /* AdoptingHomeModule_AdoptingHomeModule.bundle in Resources */,
				F5E063B6DC5748EF7B8B983D /* AdvertDetailModule_AdvertDetailModule.bundle in Resources */,
				81BFEAB2DE7FA233F5CC89B1 /* OnboardingModule_OnboardingModule.bundle in Resources */,
			);
			runOnlyForDeploymentPostprocessing = 0;
		};
/* End PBXResourcesBuildPhase section */

/* Begin PBXSourcesBuildPhase section */
		DB4E94606F4CC3246276329F /* Sources */ = {
			isa = PBXSourcesBuildPhase;
			buildActionMask = 2147483647;
			files = (
				2E53B569F24FBC83A974CB42 /* TuistBundle+Paw.swift in Sources */,
				953526606B257D91EDA97A29 /* AppDelegate.swift in Sources */,
				409A4827EAACA9109DCFFF6D /* DependencyRegister.swift in Sources */,
			);
			runOnlyForDeploymentPostprocessing = 0;
		};
/* End PBXSourcesBuildPhase section */

/* Begin XCBuildConfiguration section */
		03008EB552EA53597B8CFF7F /* Release */ = {
			isa = XCBuildConfiguration;
			buildSettings = {
				ASSETCATALOG_COMPILER_APPICON_NAME = AppIcon;
				CODE_SIGN_IDENTITY = "iPhone Developer";
				ENABLE_PREVIEWS = YES;
				INFOPLIST_FILE = "Derived/InfoPlists/Paw-Info.plist";
				IPHONEOS_DEPLOYMENT_TARGET = 16.0;
				LD_RUNPATH_SEARCH_PATHS = (
					"$(inherited)",
					"@executable_path/Frameworks",
				);
				PRODUCT_BUNDLE_IDENTIFIER = com.ios.app;
				PRODUCT_NAME = Paw;
				SDKROOT = iphoneos;
				SUPPORTS_MACCATALYST = NO;
				SUPPORTS_MAC_DESIGNED_FOR_IPHONE_IPAD = YES;
				SUPPORTS_XR_DESIGNED_FOR_IPHONE_IPAD = NO;
				SWIFT_COMPILATION_MODE = wholemodule;
				SWIFT_OPTIMIZATION_LEVEL = "-Owholemodule";
				SWIFT_VERSION = 5.0;
				TARGETED_DEVICE_FAMILY = 1;
			};
			name = Release;
		};
		5B2F2DDBE14817A283335714 /* Release */ = {
			isa = XCBuildConfiguration;
			buildSettings = {
				ALWAYS_SEARCH_USER_PATHS = NO;
				CLANG_ANALYZER_LOCALIZABILITY_NONLOCALIZED = YES;
				CLANG_ANALYZER_NONNULL = YES;
				CLANG_ANALYZER_NUMBER_OBJECT_CONVERSION = YES_AGGRESSIVE;
				CLANG_CXX_LANGUAGE_STANDARD = "gnu++14";
				CLANG_CXX_LIBRARY = "libc++";
				CLANG_ENABLE_MODULES = YES;
				CLANG_ENABLE_OBJC_ARC = YES;
				CLANG_ENABLE_OBJC_WEAK = YES;
				CLANG_WARN_BLOCK_CAPTURE_AUTORELEASING = YES;
				CLANG_WARN_BOOL_CONVERSION = YES;
				CLANG_WARN_COMMA = YES;
				CLANG_WARN_CONSTANT_CONVERSION = YES;
				CLANG_WARN_DEPRECATED_OBJC_IMPLEMENTATIONS = YES;
				CLANG_WARN_DIRECT_OBJC_ISA_USAGE = YES_ERROR;
				CLANG_WARN_DOCUMENTATION_COMMENTS = YES;
				CLANG_WARN_EMPTY_BODY = YES;
				CLANG_WARN_ENUM_CONVERSION = YES;
				CLANG_WARN_INFINITE_RECURSION = YES;
				CLANG_WARN_INT_CONVERSION = YES;
				CLANG_WARN_NON_LITERAL_NULL_CONVERSION = YES;
				CLANG_WARN_OBJC_IMPLICIT_RETAIN_SELF = YES;
				CLANG_WARN_OBJC_LITERAL_CONVERSION = YES;
				CLANG_WARN_OBJC_ROOT_CLASS = YES_ERROR;
				CLANG_WARN_QUOTED_INCLUDE_IN_FRAMEWORK_HEADER = YES;
				CLANG_WARN_RANGE_LOOP_ANALYSIS = YES;
				CLANG_WARN_STRICT_PROTOTYPES = YES;
				CLANG_WARN_SUSPICIOUS_MOVE = YES;
				CLANG_WARN_UNGUARDED_AVAILABILITY = YES_AGGRESSIVE;
				CLANG_WARN_UNREACHABLE_CODE = YES;
				CLANG_WARN__DUPLICATE_METHOD_MATCH = YES;
				COPY_PHASE_STRIP = NO;
				DEAD_CODE_STRIPPING = YES;
				DEBUG_INFORMATION_FORMAT = "dwarf-with-dsym";
				ENABLE_NS_ASSERTIONS = NO;
				ENABLE_STRICT_OBJC_MSGSEND = YES;
				GCC_C_LANGUAGE_STANDARD = gnu11;
				GCC_NO_COMMON_BLOCKS = YES;
				GCC_WARN_64_TO_32_BIT_CONVERSION = YES;
				GCC_WARN_ABOUT_RETURN_TYPE = YES_ERROR;
				GCC_WARN_UNDECLARED_SELECTOR = YES;
				GCC_WARN_UNINITIALIZED_AUTOS = YES_AGGRESSIVE;
				GCC_WARN_UNUSED_FUNCTION = YES;
				GCC_WARN_UNUSED_VARIABLE = YES;
				MTL_ENABLE_DEBUG_INFO = NO;
				PRODUCT_NAME = "$(TARGET_NAME)";
				VALIDATE_PRODUCT = YES;
			};
			name = Release;
		};
		8DD906725F9E3B0535676509 /* Debug */ = {
			isa = XCBuildConfiguration;
			buildSettings = {
				ASSETCATALOG_COMPILER_APPICON_NAME = AppIcon;
				CODE_SIGN_IDENTITY = "iPhone Developer";
				ENABLE_PREVIEWS = YES;
				INFOPLIST_FILE = "Derived/InfoPlists/Paw-Info.plist";
				IPHONEOS_DEPLOYMENT_TARGET = 16.0;
				LD_RUNPATH_SEARCH_PATHS = (
					"$(inherited)",
					"@executable_path/Frameworks",
				);
				PRODUCT_BUNDLE_IDENTIFIER = com.ios.app;
				PRODUCT_NAME = Paw;
				SDKROOT = iphoneos;
				SUPPORTS_MACCATALYST = NO;
				SUPPORTS_MAC_DESIGNED_FOR_IPHONE_IPAD = YES;
				SUPPORTS_XR_DESIGNED_FOR_IPHONE_IPAD = NO;
				SWIFT_ACTIVE_COMPILATION_CONDITIONS = DEBUG;
				SWIFT_COMPILATION_MODE = singlefile;
				SWIFT_OPTIMIZATION_LEVEL = "-Onone";
				SWIFT_VERSION = 5.0;
				TARGETED_DEVICE_FAMILY = 1;
			};
			name = Debug;
		};
		8FC9891DEFDA85506A96DD6F /* Debug */ = {
			isa = XCBuildConfiguration;
			buildSettings = {
				ALWAYS_SEARCH_USER_PATHS = NO;
				CLANG_ANALYZER_LOCALIZABILITY_NONLOCALIZED = YES;
				CLANG_ANALYZER_NONNULL = YES;
				CLANG_ANALYZER_NUMBER_OBJECT_CONVERSION = YES_AGGRESSIVE;
				CLANG_CXX_LANGUAGE_STANDARD = "gnu++14";
				CLANG_CXX_LIBRARY = "libc++";
				CLANG_ENABLE_MODULES = YES;
				CLANG_ENABLE_OBJC_ARC = YES;
				CLANG_ENABLE_OBJC_WEAK = YES;
				CLANG_WARN_BLOCK_CAPTURE_AUTORELEASING = YES;
				CLANG_WARN_BOOL_CONVERSION = YES;
				CLANG_WARN_COMMA = YES;
				CLANG_WARN_CONSTANT_CONVERSION = YES;
				CLANG_WARN_DEPRECATED_OBJC_IMPLEMENTATIONS = YES;
				CLANG_WARN_DIRECT_OBJC_ISA_USAGE = YES_ERROR;
				CLANG_WARN_DOCUMENTATION_COMMENTS = YES;
				CLANG_WARN_EMPTY_BODY = YES;
				CLANG_WARN_ENUM_CONVERSION = YES;
				CLANG_WARN_INFINITE_RECURSION = YES;
				CLANG_WARN_INT_CONVERSION = YES;
				CLANG_WARN_NON_LITERAL_NULL_CONVERSION = YES;
				CLANG_WARN_OBJC_IMPLICIT_RETAIN_SELF = YES;
				CLANG_WARN_OBJC_LITERAL_CONVERSION = YES;
				CLANG_WARN_OBJC_ROOT_CLASS = YES_ERROR;
				CLANG_WARN_QUOTED_INCLUDE_IN_FRAMEWORK_HEADER = YES;
				CLANG_WARN_RANGE_LOOP_ANALYSIS = YES;
				CLANG_WARN_STRICT_PROTOTYPES = YES;
				CLANG_WARN_SUSPICIOUS_MOVE = YES;
				CLANG_WARN_UNGUARDED_AVAILABILITY = YES_AGGRESSIVE;
				CLANG_WARN_UNREACHABLE_CODE = YES;
				CLANG_WARN__DUPLICATE_METHOD_MATCH = YES;
				COPY_PHASE_STRIP = NO;
				DEAD_CODE_STRIPPING = YES;
				DEBUG_INFORMATION_FORMAT = dwarf;
				ENABLE_STRICT_OBJC_MSGSEND = YES;
				ENABLE_TESTABILITY = YES;
				GCC_C_LANGUAGE_STANDARD = gnu11;
				GCC_DYNAMIC_NO_PIC = NO;
				GCC_NO_COMMON_BLOCKS = YES;
				GCC_OPTIMIZATION_LEVEL = 0;
				GCC_PREPROCESSOR_DEFINITIONS = (
					"DEBUG=1",
					"$(inherited)",
				);
				GCC_WARN_64_TO_32_BIT_CONVERSION = YES;
				GCC_WARN_ABOUT_RETURN_TYPE = YES_ERROR;
				GCC_WARN_UNDECLARED_SELECTOR = YES;
				GCC_WARN_UNINITIALIZED_AUTOS = YES_AGGRESSIVE;
				GCC_WARN_UNUSED_FUNCTION = YES;
				GCC_WARN_UNUSED_VARIABLE = YES;
				MTL_ENABLE_DEBUG_INFO = YES;
				ONLY_ACTIVE_ARCH = YES;
				PRODUCT_NAME = "$(TARGET_NAME)";
			};
			name = Debug;
		};
/* End XCBuildConfiguration section */

/* Begin XCConfigurationList section */
		41069EA8102ED66FA11F6994 /* Build configuration list for PBXNativeTarget "Paw" */ = {
			isa = XCConfigurationList;
			buildConfigurations = (
				8DD906725F9E3B0535676509 /* Debug */,
				03008EB552EA53597B8CFF7F /* Release */,
			);
			defaultConfigurationIsVisible = 0;
			defaultConfigurationName = Release;
		};
		6295951EAF41487F45446915 /* Build configuration list for PBXProject "Paw" */ = {
			isa = XCConfigurationList;
			buildConfigurations = (
				8FC9891DEFDA85506A96DD6F /* Debug */,
				5B2F2DDBE14817A283335714 /* Release */,
			);
			defaultConfigurationIsVisible = 0;
			defaultConfigurationName = Release;
		};
/* End XCConfigurationList section */
	};
	rootObject = 6E06A37E977E02D79F577AA3 /* Project object */;
}
