// !$*UTF8*$!
{
	archiveVersion = 1;
	classes = {
	};
	objectVersion = 55;
	objects = {

/* Begin PBXBuildFile section */
		22129BBCDC8C69B441A9514C /* OnboardingModuleInterface.framework in Dependencies */ = {isa = PBXBuildFile; fileRef = 3D181EE3A6CDF26529E30209 /* OnboardingModuleInterface.framework */; };
		2A067D029D309C6FCE749DE4 /* TuistAssets+OnboardingModule.swift in Sources */ = {isa = PBXBuildFile; fileRef = 9E6A3C8C1B10322789F1DE24 /* TuistAssets+OnboardingModule.swift */; };
		3CA22F8C6C34B7CBF0F205DE /* SnapKit in Frameworks */ = {isa = PBXBuildFile; productRef = 646BAC3F0AF89BC85645672A /* SnapKit */; };
		401F19449352D90C52A51ECA /* Assets.xcassets in Resources */ = {isa = PBXBuildFile; fileRef = 0A56FDDCFF56745A9107E53F /* Assets.xcassets */; };
		67276A869E008ABD8FBE42D2 /* CommonKit.framework in Dependencies */ = {isa = PBXBuildFile; fileRef = 231D6D41433FEEF74D0FCA44 /* CommonKit.framework */; };
		6796CB09086A695AD1FACF1C /* OnboardingModuleInterface.swift in Sources */ = {isa = PBXBuildFile; fileRef = B7096757BC66320007DCE86E /* OnboardingModuleInterface.swift */; };
		828A9BFC0AFB5B195910CB05 /* TuistBundle+OnboardingModule.swift in Sources */ = {isa = PBXBuildFile; fileRef = 566BD5A8A2AF50C374326034 /* TuistBundle+OnboardingModule.swift */; };
		94514F704066AFBB36D38FA2 /* TabbarModuleInterface.framework in Dependencies */ = {isa = PBXBuildFile; fileRef = 0EBCABFABE4C1939EAF3C0B9 /* TabbarModuleInterface.framework */; };
		A6C5A36779CCD576D3A8B4AA /* OnboardiingViewController.swift in Sources */ = {isa = PBXBuildFile; fileRef = 7187CCB1C58D14AC60053790 /* OnboardiingViewController.swift */; };
		A7F3F3BDA5043F148F9F0895 /* DependencyKit.framework in Dependencies */ = {isa = PBXBuildFile; fileRef = EB3A3E3C1659084A1AE6F0A2 /* DependencyKit.framework */; };
		B0C583814F4EFFF01EEBA053 /* OnboardView.swift in Sources */ = {isa = PBXBuildFile; fileRef = ACB5862F88E0528EC32913F6 /* OnboardView.swift */; };
		C107BD06ECD29834B71EAD0D /* OnboardPresenter.swift in Sources */ = {isa = PBXBuildFile; fileRef = 8F5568FCDDF47C6311EED1DC /* OnboardPresenter.swift */; };
		F3BD2AA655143415C1A448B3 /* OnboardiingRouter.swift in Sources */ = {isa = PBXBuildFile; fileRef = ACF263EA1036EAA7CBF08022 /* OnboardiingRouter.swift */; };
		F4D4FE924436DB25B032B3C0 /* AccountActionModuleInterface.framework in Dependencies */ = {isa = PBXBuildFile; fileRef = 3993AC457E1444D99F4F3EC9 /* AccountActionModuleInterface.framework */; };
/* End PBXBuildFile section */

/* Begin PBXContainerItemProxy section */
		7DAF426F69714CBA59576474 /* PBXContainerItemProxy */ = {
			isa = PBXContainerItemProxy;
			containerPortal = 864032F24C3D8E1ECEDA8B17 /* Project object */;
			proxyType = 1;
			remoteGlobalIDString = 369EADD5F098B373878CEA76;
			remoteInfo = OnboardingModuleInterface;
		};
		8C944D6AA2F860B1A25363F7 /* PBXContainerItemProxy */ = {
			isa = PBXContainerItemProxy;
			containerPortal = 864032F24C3D8E1ECEDA8B17 /* Project object */;
			proxyType = 1;
			remoteGlobalIDString = 38F3660BE7257B6D1592379B;
			remoteInfo = OnboardingModule_OnboardingModule;
		};
/* End PBXContainerItemProxy section */

/* Begin PBXCopyFilesBuildPhase section */
		1F7D2B04FD1168C0E40A5E7C /* Embed Frameworks */ = {
			isa = PBXCopyFilesBuildPhase;
			buildActionMask = 2147483647;
			dstPath = "";
			dstSubfolderSpec = 10;
			files = (
			);
			name = "Embed Frameworks";
			runOnlyForDeploymentPostprocessing = 0;
		};
		5197F99F85AF466AF6E0A263 /* Embed Frameworks */ = {
			isa = PBXCopyFilesBuildPhase;
			buildActionMask = 2147483647;
			dstPath = "";
			dstSubfolderSpec = 10;
			files = (
			);
			name = "Embed Frameworks";
			runOnlyForDeploymentPostprocessing = 0;
		};
		AB52F0118286D3FF23060016 /* Dependencies */ = {
			isa = PBXCopyFilesBuildPhase;
			buildActionMask = 8;
			dstSubfolderSpec = 16;
			files = (
				F4D4FE924436DB25B032B3C0 /* AccountActionModuleInterface.framework in Dependencies */,
				67276A869E008ABD8FBE42D2 /* CommonKit.framework in Dependencies */,
				A7F3F3BDA5043F148F9F0895 /* DependencyKit.framework in Dependencies */,
				22129BBCDC8C69B441A9514C /* OnboardingModuleInterface.framework in Dependencies */,
				94514F704066AFBB36D38FA2 /* TabbarModuleInterface.framework in Dependencies */,
			);
			name = Dependencies;
			runOnlyForDeploymentPostprocessing = 1;
		};
		D229C2597AFD761B91F2BFC4 /* Embed Frameworks */ = {
			isa = PBXCopyFilesBuildPhase;
			buildActionMask = 2147483647;
			dstPath = "";
			dstSubfolderSpec = 10;
			files = (
			);
			name = "Embed Frameworks";
			runOnlyForDeploymentPostprocessing = 0;
		};
/* End PBXCopyFilesBuildPhase section */

/* Begin PBXFileReference section */
		06181049C7146633EAF76235 /* OnboardingModuleInterface-Info.plist */ = {isa = PBXFileReference; lastKnownFileType = text.plist; path = "OnboardingModuleInterface-Info.plist"; sourceTree = "<group>"; };
		0A56FDDCFF56745A9107E53F /* Assets.xcassets */ = {isa = PBXFileReference; lastKnownFileType = folder.assetcatalog; path = Assets.xcassets; sourceTree = "<group>"; };
		0EBCABFABE4C1939EAF3C0B9 /* TabbarModuleInterface.framework */ = {isa = PBXFileReference; explicitFileType = wrapper.framework; includeInIndex = 0; path = TabbarModuleInterface.framework; sourceTree = BUILT_PRODUCTS_DIR; };
		231D6D41433FEEF74D0FCA44 /* CommonKit.framework */ = {isa = PBXFileReference; explicitFileType = wrapper.framework; includeInIndex = 0; path = CommonKit.framework; sourceTree = BUILT_PRODUCTS_DIR; };
		3993AC457E1444D99F4F3EC9 /* AccountActionModuleInterface.framework */ = {isa = PBXFileReference; explicitFileType = wrapper.framework; includeInIndex = 0; path = AccountActionModuleInterface.framework; sourceTree = BUILT_PRODUCTS_DIR; };
		3D181EE3A6CDF26529E30209 /* OnboardingModuleInterface.framework */ = {isa = PBXFileReference; explicitFileType = wrapper.framework; includeInIndex = 0; path = OnboardingModuleInterface.framework; sourceTree = BUILT_PRODUCTS_DIR; };
		566BD5A8A2AF50C374326034 /* TuistBundle+OnboardingModule.swift */ = {isa = PBXFileReference; lastKnownFileType = sourcecode.swift; path = "TuistBundle+OnboardingModule.swift"; sourceTree = "<group>"; };
		6006C0517F34AF2F34B6511C /* OnboardingModule-Info.plist */ = {isa = PBXFileReference; lastKnownFileType = text.plist; path = "OnboardingModule-Info.plist"; sourceTree = "<group>"; };
		6F517901FD839BD3A04C2113 /* OnboardingModule.framework */ = {isa = PBXFileReference; explicitFileType = wrapper.framework; includeInIndex = 0; path = OnboardingModule.framework; sourceTree = BUILT_PRODUCTS_DIR; };
		7187CCB1C58D14AC60053790 /* OnboardiingViewController.swift */ = {isa = PBXFileReference; lastKnownFileType = sourcecode.swift; path = OnboardiingViewController.swift; sourceTree = "<group>"; };
		8F5568FCDDF47C6311EED1DC /* OnboardPresenter.swift */ = {isa = PBXFileReference; lastKnownFileType = sourcecode.swift; path = OnboardPresenter.swift; sourceTree = "<group>"; };
		9E6A3C8C1B10322789F1DE24 /* TuistAssets+OnboardingModule.swift */ = {isa = PBXFileReference; lastKnownFileType = sourcecode.swift; path = "TuistAssets+OnboardingModule.swift"; sourceTree = "<group>"; };
		ACB5862F88E0528EC32913F6 /* OnboardView.swift */ = {isa = PBXFileReference; lastKnownFileType = sourcecode.swift; path = OnboardView.swift; sourceTree = "<group>"; };
		ACF263EA1036EAA7CBF08022 /* OnboardiingRouter.swift */ = {isa = PBXFileReference; lastKnownFileType = sourcecode.swift; path = OnboardiingRouter.swift; sourceTree = "<group>"; };
		B2F4AB108A12A8C311564E7C /* OnboardingModule_OnboardingModule.bundle */ = {isa = PBXFileReference; explicitFileType = wrapper.cfbundle; includeInIndex = 0; path = OnboardingModule_OnboardingModule.bundle; sourceTree = BUILT_PRODUCTS_DIR; };
		B7096757BC66320007DCE86E /* OnboardingModuleInterface.swift */ = {isa = PBXFileReference; lastKnownFileType = sourcecode.swift; path = OnboardingModuleInterface.swift; sourceTree = "<group>"; };
		BDB01826376F4CC1AF04CB6E /* OnboardingModule_OnboardingModule-Info.plist */ = {isa = PBXFileReference; lastKnownFileType = text.plist; path = "OnboardingModule_OnboardingModule-Info.plist"; sourceTree = "<group>"; };
		EB3A3E3C1659084A1AE6F0A2 /* DependencyKit.framework */ = {isa = PBXFileReference; explicitFileType = wrapper.framework; includeInIndex = 0; path = DependencyKit.framework; sourceTree = BUILT_PRODUCTS_DIR; };
/* End PBXFileReference section */

/* Begin PBXFrameworksBuildPhase section */
		205766E289B6B6D7D77278BA /* Frameworks */ = {
			isa = PBXFrameworksBuildPhase;
			buildActionMask = 2147483647;
			files = (
			);
			runOnlyForDeploymentPostprocessing = 0;
		};
		660BA02F2B6C5D816662AADE /* Frameworks */ = {
			isa = PBXFrameworksBuildPhase;
			buildActionMask = 2147483647;
			files = (
			);
			runOnlyForDeploymentPostprocessing = 0;
		};
		AE90C5DABD19453FBDAE307A /* Frameworks */ = {
			isa = PBXFrameworksBuildPhase;
			buildActionMask = 2147483647;
			files = (
				3CA22F8C6C34B7CBF0F205DE /* SnapKit in Frameworks */,
			);
			runOnlyForDeploymentPostprocessing = 0;
		};
/* End PBXFrameworksBuildPhase section */

/* Begin PBXGroup section */
		080FCA91E2A05DAFA073B578 /* InfoPlists */ = {
			isa = PBXGroup;
			children = (
				BDB01826376F4CC1AF04CB6E /* OnboardingModule_OnboardingModule-Info.plist */,
				6006C0517F34AF2F34B6511C /* OnboardingModule-Info.plist */,
				06181049C7146633EAF76235 /* OnboardingModuleInterface-Info.plist */,
			);
			path = InfoPlists;
			sourceTree = "<group>";
		};
		3B9039ED2CF016B05478A155 /* Sources */ = {
			isa = PBXGroup;
			children = (
				ACF263EA1036EAA7CBF08022 /* OnboardiingRouter.swift */,
				7187CCB1C58D14AC60053790 /* OnboardiingViewController.swift */,
				8F5568FCDDF47C6311EED1DC /* OnboardPresenter.swift */,
				ACB5862F88E0528EC32913F6 /* OnboardView.swift */,
			);
			path = Sources;
			sourceTree = "<group>";
		};
		44B853167B8D3C431B182C42 /* InterfaceSource */ = {
			isa = PBXGroup;
			children = (
				B7096757BC66320007DCE86E /* OnboardingModuleInterface.swift */,
			);
			path = InterfaceSource;
			sourceTree = "<group>";
		};
		5A0EF76108511371EF05D423 /* Derived */ = {
			isa = PBXGroup;
			children = (
				080FCA91E2A05DAFA073B578 /* InfoPlists */,
				D38DC77CD6289AFF4BB8B3DA /* Sources */,
			);
			path = Derived;
			sourceTree = "<group>";
		};
		6C6C76F895ABACC7803F454C /* Resources */ = {
			isa = PBXGroup;
			children = (
				0A56FDDCFF56745A9107E53F /* Assets.xcassets */,
			);
			path = Resources;
			sourceTree = "<group>";
		};
		954D5EDBCEDF4873EC7AD2B8 /* Frameworks */ = {
			isa = PBXGroup;
			children = (
			);
			name = Frameworks;
			sourceTree = "<group>";
		};
		C7A96691D0B3DC1FF519D812 /* Project */ = {
			isa = PBXGroup;
			children = (
				5A0EF76108511371EF05D423 /* Derived */,
				44B853167B8D3C431B182C42 /* InterfaceSource */,
				6C6C76F895ABACC7803F454C /* Resources */,
				3B9039ED2CF016B05478A155 /* Sources */,
			);
			name = Project;
			sourceTree = "<group>";
		};
		CD36309821B63ECCFB065221 = {
			isa = PBXGroup;
			children = (
				C7A96691D0B3DC1FF519D812 /* Project */,
				954D5EDBCEDF4873EC7AD2B8 /* Frameworks */,
				EF72315DC57188DB40B41395 /* Products */,
			);
			sourceTree = "<group>";
		};
		D38DC77CD6289AFF4BB8B3DA /* Sources */ = {
			isa = PBXGroup;
			children = (
				9E6A3C8C1B10322789F1DE24 /* TuistAssets+OnboardingModule.swift */,
				566BD5A8A2AF50C374326034 /* TuistBundle+OnboardingModule.swift */,
			);
			path = Sources;
			sourceTree = "<group>";
		};
		EF72315DC57188DB40B41395 /* Products */ = {
			isa = PBXGroup;
			children = (
				3993AC457E1444D99F4F3EC9 /* AccountActionModuleInterface.framework */,
				231D6D41433FEEF74D0FCA44 /* CommonKit.framework */,
				EB3A3E3C1659084A1AE6F0A2 /* DependencyKit.framework */,
				B2F4AB108A12A8C311564E7C /* OnboardingModule_OnboardingModule.bundle */,
				6F517901FD839BD3A04C2113 /* OnboardingModule.framework */,
				3D181EE3A6CDF26529E30209 /* OnboardingModuleInterface.framework */,
				0EBCABFABE4C1939EAF3C0B9 /* TabbarModuleInterface.framework */,
			);
			name = Products;
			sourceTree = "<group>";
		};
/* End PBXGroup section */

/* Begin PBXNativeTarget section */
		369EADD5F098B373878CEA76 /* OnboardingModuleInterface */ = {
			isa = PBXNativeTarget;
			buildConfigurationList = 385DF1C289EBEBDBC44F215E /* Build configuration list for PBXNativeTarget "OnboardingModuleInterface" */;
			buildPhases = (
				116B59F78775461E35DA9930 /* Sources */,
				76A7CB7697E54735833794E3 /* Resources */,
				D229C2597AFD761B91F2BFC4 /* Embed Frameworks */,
				660BA02F2B6C5D816662AADE /* Frameworks */,
			);
			buildRules = (
			);
			dependencies = (
			);
			name = OnboardingModuleInterface;
			productName = OnboardingModuleInterface;
			productReference = 3D181EE3A6CDF26529E30209 /* OnboardingModuleInterface.framework */;
			productType = "com.apple.product-type.framework";
		};
		38F3660BE7257B6D1592379B /* OnboardingModule_OnboardingModule */ = {
			isa = PBXNativeTarget;
			buildConfigurationList = 49127BBB127807458BE37D37 /* Build configuration list for PBXNativeTarget "OnboardingModule_OnboardingModule" */;
			buildPhases = (
				B67CD4680EDF077CEA3DA70F /* Resources */,
				1F7D2B04FD1168C0E40A5E7C /* Embed Frameworks */,
				205766E289B6B6D7D77278BA /* Frameworks */,
			);
			buildRules = (
			);
			dependencies = (
			);
			name = OnboardingModule_OnboardingModule;
			productName = OnboardingModule_OnboardingModule;
			productReference = B2F4AB108A12A8C311564E7C /* OnboardingModule_OnboardingModule.bundle */;
			productType = "com.apple.product-type.bundle";
		};
		F49C9490020276A82EBF4B85 /* OnboardingModule */ = {
			isa = PBXNativeTarget;
			buildConfigurationList = 245BCF5E47B65D773BE02455 /* Build configuration list for PBXNativeTarget "OnboardingModule" */;
			buildPhases = (
				72BE41F8D743B990BFCDE889 /* Sources */,
				8A76957BCAA3EE6A066514F7 /* Resources */,
				5197F99F85AF466AF6E0A263 /* Embed Frameworks */,
				AE90C5DABD19453FBDAE307A /* Frameworks */,
				AB52F0118286D3FF23060016 /* Dependencies */,
			);
			buildRules = (
			);
			dependencies = (
				086BD3293B29C38FF0EA2497 /* PBXTargetDependency */,
				6E5A6F4774365BBA380982D2 /* PBXTargetDependency */,
			);
			name = OnboardingModule;
			packageProductDependencies = (
				646BAC3F0AF89BC85645672A /* SnapKit */,
			);
			productName = OnboardingModule;
			productReference = 6F517901FD839BD3A04C2113 /* OnboardingModule.framework */;
			productType = "com.apple.product-type.framework";
		};
/* End PBXNativeTarget section */

/* Begin PBXProject section */
		864032F24C3D8E1ECEDA8B17 /* Project object */ = {
			isa = PBXProject;
			attributes = {
				BuildIndependentTargetsInParallel = YES;
				TargetAttributes = {
				};
			};
			buildConfigurationList = B09C2A4DE7D1BAB19EF20DBE /* Build configuration list for PBXProject "OnboardingModule" */;
			compatibilityVersion = "Xcode 14.0";
			developmentRegion = en;
			hasScannedForEncodings = 0;
			knownRegions = (
				Base,
				en,
			);
			mainGroup = CD36309821B63ECCFB065221;
			packageReferences = (
				3C7DF6745EC84E00FCBBF8D8 /* XCRemoteSwiftPackageReference "SnapKit" */,
			);
			productRefGroup = EF72315DC57188DB40B41395 /* Products */;
			projectDirPath = "";
			projectRoot = "";
			targets = (
				F49C9490020276A82EBF4B85 /* OnboardingModule */,
				38F3660BE7257B6D1592379B /* OnboardingModule_OnboardingModule */,
				369EADD5F098B373878CEA76 /* OnboardingModuleInterface */,
			);
		};
/* End PBXProject section */

/* Begin PBXResourcesBuildPhase section */
		76A7CB7697E54735833794E3 /* Resources */ = {
			isa = PBXResourcesBuildPhase;
			buildActionMask = 2147483647;
			files = (
			);
			runOnlyForDeploymentPostprocessing = 0;
		};
		8A76957BCAA3EE6A066514F7 /* Resources */ = {
			isa = PBXResourcesBuildPhase;
			buildActionMask = 2147483647;
			files = (
			);
			runOnlyForDeploymentPostprocessing = 0;
		};
		B67CD4680EDF077CEA3DA70F /* Resources */ = {
			isa = PBXResourcesBuildPhase;
			buildActionMask = 2147483647;
			files = (
				401F19449352D90C52A51ECA /* Assets.xcassets in Resources */,
			);
			runOnlyForDeploymentPostprocessing = 0;
		};
/* End PBXResourcesBuildPhase section */

/* Begin PBXSourcesBuildPhase section */
		116B59F78775461E35DA9930 /* Sources */ = {
			isa = PBXSourcesBuildPhase;
			buildActionMask = 2147483647;
			files = (
				6796CB09086A695AD1FACF1C /* OnboardingModuleInterface.swift in Sources */,
			);
			runOnlyForDeploymentPostprocessing = 0;
		};
		72BE41F8D743B990BFCDE889 /* Sources */ = {
			isa = PBXSourcesBuildPhase;
			buildActionMask = 2147483647;
			files = (
				2A067D029D309C6FCE749DE4 /* TuistAssets+OnboardingModule.swift in Sources */,
				828A9BFC0AFB5B195910CB05 /* TuistBundle+OnboardingModule.swift in Sources */,
				C107BD06ECD29834B71EAD0D /* OnboardPresenter.swift in Sources */,
				B0C583814F4EFFF01EEBA053 /* OnboardView.swift in Sources */,
				F3BD2AA655143415C1A448B3 /* OnboardiingRouter.swift in Sources */,
				A6C5A36779CCD576D3A8B4AA /* OnboardiingViewController.swift in Sources */,
			);
			runOnlyForDeploymentPostprocessing = 0;
		};
/* End PBXSourcesBuildPhase section */

/* Begin PBXTargetDependency section */
		086BD3293B29C38FF0EA2497 /* PBXTargetDependency */ = {
			isa = PBXTargetDependency;
			name = OnboardingModuleInterface;
			target = 369EADD5F098B373878CEA76 /* OnboardingModuleInterface */;
			targetProxy = 7DAF426F69714CBA59576474 /* PBXContainerItemProxy */;
		};
		6E5A6F4774365BBA380982D2 /* PBXTargetDependency */ = {
			isa = PBXTargetDependency;
			name = OnboardingModule_OnboardingModule;
			target = 38F3660BE7257B6D1592379B /* OnboardingModule_OnboardingModule */;
			targetProxy = 8C944D6AA2F860B1A25363F7 /* PBXContainerItemProxy */;
		};
/* End PBXTargetDependency section */

/* Begin XCBuildConfiguration section */
		12C7BD7B3A421F0E3150309F /* Debug */ = {
			isa = XCBuildConfiguration;
			buildSettings = {
				CODE_SIGN_IDENTITY = "";
				CURRENT_PROJECT_VERSION = 1;
				DEFINES_MODULE = YES;
				DYLIB_COMPATIBILITY_VERSION = 1;
				DYLIB_CURRENT_VERSION = 1;
				DYLIB_INSTALL_NAME_BASE = "@rpath";
				INFOPLIST_FILE = "Derived/InfoPlists/OnboardingModule-Info.plist";
				INSTALL_PATH = "$(LOCAL_LIBRARY_DIR)/Frameworks";
				IPHONEOS_DEPLOYMENT_TARGET = 16.0;
				LD_RUNPATH_SEARCH_PATHS = (
					"$(inherited)",
					"@executable_path/Frameworks",
					"@loader_path/Frameworks",
				);
				MACH_O_TYPE = staticlib;
				PRODUCT_BUNDLE_IDENTIFIER = com.ios.OnboardingModule;
				PRODUCT_NAME = OnboardingModule;
				SDKROOT = iphoneos;
				SKIP_INSTALL = YES;
				SUPPORTS_MACCATALYST = NO;
				SUPPORTS_MAC_DESIGNED_FOR_IPHONE_IPAD = YES;
				SUPPORTS_XR_DESIGNED_FOR_IPHONE_IPAD = NO;
				SWIFT_ACTIVE_COMPILATION_CONDITIONS = DEBUG;
				SWIFT_COMPILATION_MODE = singlefile;
				SWIFT_OPTIMIZATION_LEVEL = "-Onone";
				SWIFT_VERSION = 5.0;
				TARGETED_DEVICE_FAMILY = 1;
				VERSIONING_SYSTEM = "apple-generic";
				VERSION_INFO_PREFIX = "";
			};
			name = Debug;
		};
		4708347F2A39E86906D18D4E /* Release */ = {
			isa = XCBuildConfiguration;
			buildSettings = {
				CODE_SIGNING_ALLOWED = NO;
				CODE_SIGN_IDENTITY = "iPhone Developer";
				INFOPLIST_FILE = "Derived/InfoPlists/OnboardingModule_OnboardingModule-Info.plist";
				IPHONEOS_DEPLOYMENT_TARGET = 16.0;
				PRODUCT_BUNDLE_IDENTIFIER = com.ios.OnboardingModule.resources;
				PRODUCT_NAME = OnboardingModule_OnboardingModule;
				SDKROOT = iphoneos;
				SUPPORTS_MACCATALYST = NO;
				SUPPORTS_MAC_DESIGNED_FOR_IPHONE_IPAD = YES;
				SUPPORTS_XR_DESIGNED_FOR_IPHONE_IPAD = NO;
				SWIFT_COMPILATION_MODE = wholemodule;
				SWIFT_OPTIMIZATION_LEVEL = "-Owholemodule";
				SWIFT_VERSION = 5.0;
				TARGETED_DEVICE_FAMILY = 1;
			};
			name = Release;
		};
		564993F472B27CAEFDA89866 /* Debug */ = {
			isa = XCBuildConfiguration;
			buildSettings = {
				ALWAYS_SEARCH_USER_PATHS = NO;
				CLANG_ANALYZER_LOCALIZABILITY_NONLOCALIZED = YES;
				CLANG_ANALYZER_NONNULL = YES;
				CLANG_ANALYZER_NUMBER_OBJECT_CONVERSION = YES_AGGRESSIVE;
				CLANG_CXX_LANGUAGE_STANDARD = "gnu++14";
				CLANG_CXX_LIBRARY = "libc++";
				CLANG_ENABLE_MODULES = YES;
				CLANG_ENABLE_OBJC_ARC = YES;
				CLANG_ENABLE_OBJC_WEAK = YES;
				CLANG_WARN_BLOCK_CAPTURE_AUTORELEASING = YES;
				CLANG_WARN_BOOL_CONVERSION = YES;
				CLANG_WARN_COMMA = YES;
				CLANG_WARN_CONSTANT_CONVERSION = YES;
				CLANG_WARN_DEPRECATED_OBJC_IMPLEMENTATIONS = YES;
				CLANG_WARN_DIRECT_OBJC_ISA_USAGE = YES_ERROR;
				CLANG_WARN_DOCUMENTATION_COMMENTS = YES;
				CLANG_WARN_EMPTY_BODY = YES;
				CLANG_WARN_ENUM_CONVERSION = YES;
				CLANG_WARN_INFINITE_RECURSION = YES;
				CLANG_WARN_INT_CONVERSION = YES;
				CLANG_WARN_NON_LITERAL_NULL_CONVERSION = YES;
				CLANG_WARN_OBJC_IMPLICIT_RETAIN_SELF = YES;
				CLANG_WARN_OBJC_LITERAL_CONVERSION = YES;
				CLANG_WARN_OBJC_ROOT_CLASS = YES_ERROR;
				CLANG_WARN_QUOTED_INCLUDE_IN_FRAMEWORK_HEADER = YES;
				CLANG_WARN_RANGE_LOOP_ANALYSIS = YES;
				CLANG_WARN_STRICT_PROTOTYPES = YES;
				CLANG_WARN_SUSPICIOUS_MOVE = YES;
				CLANG_WARN_UNGUARDED_AVAILABILITY = YES_AGGRESSIVE;
				CLANG_WARN_UNREACHABLE_CODE = YES;
				CLANG_WARN__DUPLICATE_METHOD_MATCH = YES;
				COPY_PHASE_STRIP = NO;
				DEAD_CODE_STRIPPING = YES;
				DEBUG_INFORMATION_FORMAT = dwarf;
				ENABLE_STRICT_OBJC_MSGSEND = YES;
				ENABLE_TESTABILITY = YES;
				GCC_C_LANGUAGE_STANDARD = gnu11;
				GCC_DYNAMIC_NO_PIC = NO;
				GCC_NO_COMMON_BLOCKS = YES;
				GCC_OPTIMIZATION_LEVEL = 0;
				GCC_PREPROCESSOR_DEFINITIONS = (
					"DEBUG=1",
					"$(inherited)",
				);
				GCC_WARN_64_TO_32_BIT_CONVERSION = YES;
				GCC_WARN_ABOUT_RETURN_TYPE = YES_ERROR;
				GCC_WARN_UNDECLARED_SELECTOR = YES;
				GCC_WARN_UNINITIALIZED_AUTOS = YES_AGGRESSIVE;
				GCC_WARN_UNUSED_FUNCTION = YES;
				GCC_WARN_UNUSED_VARIABLE = YES;
				MTL_ENABLE_DEBUG_INFO = YES;
				ONLY_ACTIVE_ARCH = YES;
				PRODUCT_NAME = "$(TARGET_NAME)";
			};
			name = Debug;
		};
		89ACA31DF1CC9461194C3AA4 /* Debug */ = {
			isa = XCBuildConfiguration;
			buildSettings = {
				CODE_SIGNING_ALLOWED = NO;
				CODE_SIGN_IDENTITY = "iPhone Developer";
				INFOPLIST_FILE = "Derived/InfoPlists/OnboardingModule_OnboardingModule-Info.plist";
				IPHONEOS_DEPLOYMENT_TARGET = 16.0;
				PRODUCT_BUNDLE_IDENTIFIER = com.ios.OnboardingModule.resources;
				PRODUCT_NAME = OnboardingModule_OnboardingModule;
				SDKROOT = iphoneos;
				SUPPORTS_MACCATALYST = NO;
				SUPPORTS_MAC_DESIGNED_FOR_IPHONE_IPAD = YES;
				SUPPORTS_XR_DESIGNED_FOR_IPHONE_IPAD = NO;
				SWIFT_ACTIVE_COMPILATION_CONDITIONS = DEBUG;
				SWIFT_COMPILATION_MODE = singlefile;
				SWIFT_OPTIMIZATION_LEVEL = "-Onone";
				SWIFT_VERSION = 5.0;
				TARGETED_DEVICE_FAMILY = 1;
			};
			name = Debug;
		};
		B64896DBA3E4CC76D89E51E6 /* Release */ = {
			isa = XCBuildConfiguration;
			buildSettings = {
				CODE_SIGN_IDENTITY = "";
				CURRENT_PROJECT_VERSION = 1;
				DEFINES_MODULE = YES;
				DYLIB_COMPATIBILITY_VERSION = 1;
				DYLIB_CURRENT_VERSION = 1;
				DYLIB_INSTALL_NAME_BASE = "@rpath";
				INFOPLIST_FILE = "Derived/InfoPlists/OnboardingModule-Info.plist";
				INSTALL_PATH = "$(LOCAL_LIBRARY_DIR)/Frameworks";
				IPHONEOS_DEPLOYMENT_TARGET = 16.0;
				LD_RUNPATH_SEARCH_PATHS = (
					"$(inherited)",
					"@executable_path/Frameworks",
					"@loader_path/Frameworks",
				);
				MACH_O_TYPE = staticlib;
				PRODUCT_BUNDLE_IDENTIFIER = com.ios.OnboardingModule;
				PRODUCT_NAME = OnboardingModule;
				SDKROOT = iphoneos;
				SKIP_INSTALL = YES;
				SUPPORTS_MACCATALYST = NO;
				SUPPORTS_MAC_DESIGNED_FOR_IPHONE_IPAD = YES;
				SUPPORTS_XR_DESIGNED_FOR_IPHONE_IPAD = NO;
				SWIFT_COMPILATION_MODE = wholemodule;
				SWIFT_OPTIMIZATION_LEVEL = "-Owholemodule";
				SWIFT_VERSION = 5.0;
				TARGETED_DEVICE_FAMILY = 1;
				VERSIONING_SYSTEM = "apple-generic";
				VERSION_INFO_PREFIX = "";
			};
			name = Release;
		};
		CC96B52A1FA017B962943E9A /* Debug */ = {
			isa = XCBuildConfiguration;
			buildSettings = {
				CODE_SIGN_IDENTITY = "";
				CURRENT_PROJECT_VERSION = 1;
				DEFINES_MODULE = YES;
				DYLIB_COMPATIBILITY_VERSION = 1;
				DYLIB_CURRENT_VERSION = 1;
				DYLIB_INSTALL_NAME_BASE = "@rpath";
				INFOPLIST_FILE = "Derived/InfoPlists/OnboardingModuleInterface-Info.plist";
				INSTALL_PATH = "$(LOCAL_LIBRARY_DIR)/Frameworks";
				IPHONEOS_DEPLOYMENT_TARGET = 16.0;
				LD_RUNPATH_SEARCH_PATHS = (
					"$(inherited)",
					"@executable_path/Frameworks",
					"@loader_path/Frameworks",
				);
				MACH_O_TYPE = staticlib;
				PRODUCT_BUNDLE_IDENTIFIER = com.ios.OnboardingModuleInterface;
				PRODUCT_NAME = OnboardingModuleInterface;
				SDKROOT = iphoneos;
				SKIP_INSTALL = YES;
				SUPPORTS_MACCATALYST = NO;
				SUPPORTS_MAC_DESIGNED_FOR_IPHONE_IPAD = YES;
				SUPPORTS_XR_DESIGNED_FOR_IPHONE_IPAD = NO;
				SWIFT_ACTIVE_COMPILATION_CONDITIONS = DEBUG;
				SWIFT_COMPILATION_MODE = singlefile;
				SWIFT_OPTIMIZATION_LEVEL = "-Onone";
				SWIFT_VERSION = 5.0;
				TARGETED_DEVICE_FAMILY = 1;
				VERSIONING_SYSTEM = "apple-generic";
				VERSION_INFO_PREFIX = "";
			};
			name = Debug;
		};
		D3A120F9B277FDFCC9C87C95 /* Release */ = {
			isa = XCBuildConfiguration;
			buildSettings = {
				CODE_SIGN_IDENTITY = "";
				CURRENT_PROJECT_VERSION = 1;
				DEFINES_MODULE = YES;
				DYLIB_COMPATIBILITY_VERSION = 1;
				DYLIB_CURRENT_VERSION = 1;
				DYLIB_INSTALL_NAME_BASE = "@rpath";
				INFOPLIST_FILE = "Derived/InfoPlists/OnboardingModuleInterface-Info.plist";
				INSTALL_PATH = "$(LOCAL_LIBRARY_DIR)/Frameworks";
				IPHONEOS_DEPLOYMENT_TARGET = 16.0;
				LD_RUNPATH_SEARCH_PATHS = (
					"$(inherited)",
					"@executable_path/Frameworks",
					"@loader_path/Frameworks",
				);
				MACH_O_TYPE = staticlib;
				PRODUCT_BUNDLE_IDENTIFIER = com.ios.OnboardingModuleInterface;
				PRODUCT_NAME = OnboardingModuleInterface;
				SDKROOT = iphoneos;
				SKIP_INSTALL = YES;
				SUPPORTS_MACCATALYST = NO;
				SUPPORTS_MAC_DESIGNED_FOR_IPHONE_IPAD = YES;
				SUPPORTS_XR_DESIGNED_FOR_IPHONE_IPAD = NO;
				SWIFT_COMPILATION_MODE = wholemodule;
				SWIFT_OPTIMIZATION_LEVEL = "-Owholemodule";
				SWIFT_VERSION = 5.0;
				TARGETED_DEVICE_FAMILY = 1;
				VERSIONING_SYSTEM = "apple-generic";
				VERSION_INFO_PREFIX = "";
			};
			name = Release;
		};
		DAF3A864099199DE2FB32B1C /* Release */ = {
			isa = XCBuildConfiguration;
			buildSettings = {
				ALWAYS_SEARCH_USER_PATHS = NO;
				CLANG_ANALYZER_LOCALIZABILITY_NONLOCALIZED = YES;
				CLANG_ANALYZER_NONNULL = YES;
				CLANG_ANALYZER_NUMBER_OBJECT_CONVERSION = YES_AGGRESSIVE;
				CLANG_CXX_LANGUAGE_STANDARD = "gnu++14";
				CLANG_CXX_LIBRARY = "libc++";
				CLANG_ENABLE_MODULES = YES;
				CLANG_ENABLE_OBJC_ARC = YES;
				CLANG_ENABLE_OBJC_WEAK = YES;
				CLANG_WARN_BLOCK_CAPTURE_AUTORELEASING = YES;
				CLANG_WARN_BOOL_CONVERSION = YES;
				CLANG_WARN_COMMA = YES;
				CLANG_WARN_CONSTANT_CONVERSION = YES;
				CLANG_WARN_DEPRECATED_OBJC_IMPLEMENTATIONS = YES;
				CLANG_WARN_DIRECT_OBJC_ISA_USAGE = YES_ERROR;
				CLANG_WARN_DOCUMENTATION_COMMENTS = YES;
				CLANG_WARN_EMPTY_BODY = YES;
				CLANG_WARN_ENUM_CONVERSION = YES;
				CLANG_WARN_INFINITE_RECURSION = YES;
				CLANG_WARN_INT_CONVERSION = YES;
				CLANG_WARN_NON_LITERAL_NULL_CONVERSION = YES;
				CLANG_WARN_OBJC_IMPLICIT_RETAIN_SELF = YES;
				CLANG_WARN_OBJC_LITERAL_CONVERSION = YES;
				CLANG_WARN_OBJC_ROOT_CLASS = YES_ERROR;
				CLANG_WARN_QUOTED_INCLUDE_IN_FRAMEWORK_HEADER = YES;
				CLANG_WARN_RANGE_LOOP_ANALYSIS = YES;
				CLANG_WARN_STRICT_PROTOTYPES = YES;
				CLANG_WARN_SUSPICIOUS_MOVE = YES;
				CLANG_WARN_UNGUARDED_AVAILABILITY = YES_AGGRESSIVE;
				CLANG_WARN_UNREACHABLE_CODE = YES;
				CLANG_WARN__DUPLICATE_METHOD_MATCH = YES;
				COPY_PHASE_STRIP = NO;
				DEAD_CODE_STRIPPING = YES;
				DEBUG_INFORMATION_FORMAT = "dwarf-with-dsym";
				ENABLE_NS_ASSERTIONS = NO;
				ENABLE_STRICT_OBJC_MSGSEND = YES;
				GCC_C_LANGUAGE_STANDARD = gnu11;
				GCC_NO_COMMON_BLOCKS = YES;
				GCC_WARN_64_TO_32_BIT_CONVERSION = YES;
				GCC_WARN_ABOUT_RETURN_TYPE = YES_ERROR;
				GCC_WARN_UNDECLARED_SELECTOR = YES;
				GCC_WARN_UNINITIALIZED_AUTOS = YES_AGGRESSIVE;
				GCC_WARN_UNUSED_FUNCTION = YES;
				GCC_WARN_UNUSED_VARIABLE = YES;
				MTL_ENABLE_DEBUG_INFO = NO;
				PRODUCT_NAME = "$(TARGET_NAME)";
				VALIDATE_PRODUCT = YES;
			};
			name = Release;
		};
/* End XCBuildConfiguration section */

/* Begin XCConfigurationList section */
		245BCF5E47B65D773BE02455 /* Build configuration list for PBXNativeTarget "OnboardingModule" */ = {
			isa = XCConfigurationList;
			buildConfigurations = (
				12C7BD7B3A421F0E3150309F /* Debug */,
				B64896DBA3E4CC76D89E51E6 /* Release */,
			);
			defaultConfigurationIsVisible = 0;
			defaultConfigurationName = Release;
		};
		385DF1C289EBEBDBC44F215E /* Build configuration list for PBXNativeTarget "OnboardingModuleInterface" */ = {
			isa = XCConfigurationList;
			buildConfigurations = (
				CC96B52A1FA017B962943E9A /* Debug */,
				D3A120F9B277FDFCC9C87C95 /* Release */,
			);
			defaultConfigurationIsVisible = 0;
			defaultConfigurationName = Release;
		};
		49127BBB127807458BE37D37 /* Build configuration list for PBXNativeTarget "OnboardingModule_OnboardingModule" */ = {
			isa = XCConfigurationList;
			buildConfigurations = (
				89ACA31DF1CC9461194C3AA4 /* Debug */,
				4708347F2A39E86906D18D4E /* Release */,
			);
			defaultConfigurationIsVisible = 0;
			defaultConfigurationName = Release;
		};
		B09C2A4DE7D1BAB19EF20DBE /* Build configuration list for PBXProject "OnboardingModule" */ = {
			isa = XCConfigurationList;
			buildConfigurations = (
				564993F472B27CAEFDA89866 /* Debug */,
				DAF3A864099199DE2FB32B1C /* Release */,
			);
			defaultConfigurationIsVisible = 0;
			defaultConfigurationName = Release;
		};
/* End XCConfigurationList section */

/* Begin XCRemoteSwiftPackageReference section */
		3C7DF6745EC84E00FCBBF8D8 /* XCRemoteSwiftPackageReference "SnapKit" */ = {
			isa = XCRemoteSwiftPackageReference;
			repositoryURL = "https://github.com/SnapKit/SnapKit.git";
			requirement = {
				kind = upToNextMajorVersion;
				minimumVersion = 5.0.1;
			};
		};
/* End XCRemoteSwiftPackageReference section */

/* Begin XCSwiftPackageProductDependency section */
		646BAC3F0AF89BC85645672A /* SnapKit */ = {
			isa = XCSwiftPackageProductDependency;
			productName = SnapKit;
		};
/* End XCSwiftPackageProductDependency section */
	};
	rootObject = 864032F24C3D8E1ECEDA8B17 /* Project object */;
}
