// !$*UTF8*$!
{
	archiveVersion = 1;
	classes = {
	};
	objectVersion = 56;
	objects = {

/* Begin PBXBuildFile section */
		0B6816BEB88345DEF771A894 /* SnapKit in Frameworks */ = {isa = PBXBuildFile; productRef = A61103FA11551A8F685608F1 /* SnapKit */; };
		334F26241E43418395862C74 /* FilterTableViewCell.swift in Sources */ = {isa = PBXBuildFile; fileRef = 69FCA206D8C158F7B3A6F1C9 /* FilterTableViewCell.swift */; };
		354F1D0FF6AD874FB49A2458 /* AdvertFilterPresenter.swift in Sources */ = {isa = PBXBuildFile; fileRef = 542D2E333D04BA9BD5EF4556 /* AdvertFilterPresenter.swift */; };
		4AA0DF657CB85162CAF0F159 /* AdvertFilterController.swift in Sources */ = {isa = PBXBuildFile; fileRef = 73BEF9E79FCB999993DB3EFA /* AdvertFilterController.swift */; };
		7D8009E02B1676BD001F3C5E /* SectionHeader.swift in Sources */ = {isa = PBXBuildFile; fileRef = 7D8009DF2B1676BD001F3C5E /* SectionHeader.swift */; };
		8BB2A54265983B582B5B71B9 /* AdvertFilterModuleInterface.framework in Dependencies */ = {isa = PBXBuildFile; fileRef = B06DFAD9E7FEFF3A84C1974B /* AdvertFilterModuleInterface.framework */; };
		A79A8A0C3C9F2C9A4CADBD42 /* AdvertFilterRouter.swift in Sources */ = {isa = PBXBuildFile; fileRef = A095B2DA070FCFCD0B9282D8 /* AdvertFilterRouter.swift */; };
		CF37872DBEE432FBAEE5C785 /* CommonKit.framework in Dependencies */ = {isa = PBXBuildFile; fileRef = 235FFEE10E25448253E01A35 /* CommonKit.framework */; };
		DD22440DCDA813DFD7498C6B /* AdvertFilterInterface.swift in Sources */ = {isa = PBXBuildFile; fileRef = 19227C59CEDA0918EDB365E7 /* AdvertFilterInterface.swift */; };
/* End PBXBuildFile section */

/* Begin PBXContainerItemProxy section */
		36F75169172861F01F5CB1E2 /* PBXContainerItemProxy */ = {
			isa = PBXContainerItemProxy;
			containerPortal = 0BD1C4E86A21D8828F04DF49 /* Project object */;
			proxyType = 1;
			remoteGlobalIDString = 76836ADCAAC48692C4F6493B;
			remoteInfo = AdvertFilterModuleInterface;
		};
/* End PBXContainerItemProxy section */

/* Begin PBXCopyFilesBuildPhase section */
		24F91BB5CA5A25B3B5CA6CB6 /* Embed Frameworks */ = {
			isa = PBXCopyFilesBuildPhase;
			buildActionMask = 2147483647;
			dstPath = "";
			dstSubfolderSpec = 10;
			files = (
			);
			name = "Embed Frameworks";
			runOnlyForDeploymentPostprocessing = 0;
		};
		5CF4F0C9400533B262C3C0DB /* Dependencies */ = {
			isa = PBXCopyFilesBuildPhase;
			buildActionMask = 8;
			dstSubfolderSpec = 16;
			files = (
				8BB2A54265983B582B5B71B9 /* AdvertFilterModuleInterface.framework in Dependencies */,
				CF37872DBEE432FBAEE5C785 /* CommonKit.framework in Dependencies */,
			);
			name = Dependencies;
			runOnlyForDeploymentPostprocessing = 1;
		};
		B1793B8B7960E46D8C08E409 /* Embed Frameworks */ = {
			isa = PBXCopyFilesBuildPhase;
			buildActionMask = 2147483647;
			dstPath = "";
			dstSubfolderSpec = 10;
			files = (
			);
			name = "Embed Frameworks";
			runOnlyForDeploymentPostprocessing = 0;
		};
/* End PBXCopyFilesBuildPhase section */

/* Begin PBXFileReference section */
		18EA0E42477F846D2730D7CC /* AdvertFilterModuleInterface-Info.plist */ = {isa = PBXFileReference; lastKnownFileType = text.plist; path = "AdvertFilterModuleInterface-Info.plist"; sourceTree = "<group>"; };
		19227C59CEDA0918EDB365E7 /* AdvertFilterInterface.swift */ = {isa = PBXFileReference; lastKnownFileType = sourcecode.swift; path = AdvertFilterInterface.swift; sourceTree = "<group>"; };
		235FFEE10E25448253E01A35 /* CommonKit.framework */ = {isa = PBXFileReference; explicitFileType = wrapper.framework; includeInIndex = 0; path = CommonKit.framework; sourceTree = BUILT_PRODUCTS_DIR; };
		542D2E333D04BA9BD5EF4556 /* AdvertFilterPresenter.swift */ = {isa = PBXFileReference; lastKnownFileType = sourcecode.swift; path = AdvertFilterPresenter.swift; sourceTree = "<group>"; };
		69FCA206D8C158F7B3A6F1C9 /* FilterTableViewCell.swift */ = {isa = PBXFileReference; lastKnownFileType = sourcecode.swift; path = FilterTableViewCell.swift; sourceTree = "<group>"; };
		73BEF9E79FCB999993DB3EFA /* AdvertFilterController.swift */ = {isa = PBXFileReference; lastKnownFileType = sourcecode.swift; path = AdvertFilterController.swift; sourceTree = "<group>"; };
		7D8009DF2B1676BD001F3C5E /* SectionHeader.swift */ = {isa = PBXFileReference; lastKnownFileType = sourcecode.swift; path = SectionHeader.swift; sourceTree = "<group>"; };
		88218C8677D82E24C12D341C /* AdvertFilterModule.framework */ = {isa = PBXFileReference; explicitFileType = wrapper.framework; includeInIndex = 0; path = AdvertFilterModule.framework; sourceTree = BUILT_PRODUCTS_DIR; };
		A095B2DA070FCFCD0B9282D8 /* AdvertFilterRouter.swift */ = {isa = PBXFileReference; lastKnownFileType = sourcecode.swift; path = AdvertFilterRouter.swift; sourceTree = "<group>"; };
		B06DFAD9E7FEFF3A84C1974B /* AdvertFilterModuleInterface.framework */ = {isa = PBXFileReference; explicitFileType = wrapper.framework; includeInIndex = 0; path = AdvertFilterModuleInterface.framework; sourceTree = BUILT_PRODUCTS_DIR; };
		D6B51F083E14E91202E1B816 /* AdvertFilterModule-Info.plist */ = {isa = PBXFileReference; lastKnownFileType = text.plist; path = "AdvertFilterModule-Info.plist"; sourceTree = "<group>"; };
/* End PBXFileReference section */

/* Begin PBXFrameworksBuildPhase section */
		23E82BBD42FF2FB8488927B5 /* Frameworks */ = {
			isa = PBXFrameworksBuildPhase;
			buildActionMask = 2147483647;
			files = (
				0B6816BEB88345DEF771A894 /* SnapKit in Frameworks */,
			);
			runOnlyForDeploymentPostprocessing = 0;
		};
		3A8148C7C062253393EF329D /* Frameworks */ = {
			isa = PBXFrameworksBuildPhase;
			buildActionMask = 2147483647;
			files = (
			);
			runOnlyForDeploymentPostprocessing = 0;
		};
/* End PBXFrameworksBuildPhase section */

/* Begin PBXGroup section */
		2DFECA9AD64A12F8B41F2099 /* InterfaceSource */ = {
			isa = PBXGroup;
			children = (
				19227C59CEDA0918EDB365E7 /* AdvertFilterInterface.swift */,
			);
			path = InterfaceSource;
			sourceTree = "<group>";
		};
		3E5DC950169E62D1E285DEB2 /* Sources */ = {
			isa = PBXGroup;
			children = (
				73BEF9E79FCB999993DB3EFA /* AdvertFilterController.swift */,
				542D2E333D04BA9BD5EF4556 /* AdvertFilterPresenter.swift */,
				A095B2DA070FCFCD0B9282D8 /* AdvertFilterRouter.swift */,
				69FCA206D8C158F7B3A6F1C9 /* FilterTableViewCell.swift */,
				7D8009DF2B1676BD001F3C5E /* SectionHeader.swift */,
			);
			path = Sources;
			sourceTree = "<group>";
		};
		87692E30DB2D6BB77D34AFD3 /* Frameworks */ = {
			isa = PBXGroup;
			children = (
			);
			name = Frameworks;
			sourceTree = "<group>";
		};
		94B70D9411842B63866FE871 /* InfoPlists */ = {
			isa = PBXGroup;
			children = (
				D6B51F083E14E91202E1B816 /* AdvertFilterModule-Info.plist */,
				18EA0E42477F846D2730D7CC /* AdvertFilterModuleInterface-Info.plist */,
			);
			path = InfoPlists;
			sourceTree = "<group>";
		};
		B83F4AC2BADCEC29CBDC895F /* Products */ = {
			isa = PBXGroup;
			children = (
				88218C8677D82E24C12D341C /* AdvertFilterModule.framework */,
				B06DFAD9E7FEFF3A84C1974B /* AdvertFilterModuleInterface.framework */,
				235FFEE10E25448253E01A35 /* CommonKit.framework */,
			);
			name = Products;
			sourceTree = "<group>";
		};
		BA9B2EA4469C4D5173E27B93 /* Derived */ = {
			isa = PBXGroup;
			children = (
				94B70D9411842B63866FE871 /* InfoPlists */,
			);
			path = Derived;
			sourceTree = "<group>";
		};
		CDF45821E94D5A2478A59E83 /* Project */ = {
			isa = PBXGroup;
			children = (
				BA9B2EA4469C4D5173E27B93 /* Derived */,
				2DFECA9AD64A12F8B41F2099 /* InterfaceSource */,
				3E5DC950169E62D1E285DEB2 /* Sources */,
			);
			name = Project;
			sourceTree = "<group>";
		};
		EE70FB2E32F646DFC4C34A8F = {
			isa = PBXGroup;
			children = (
				CDF45821E94D5A2478A59E83 /* Project */,
				87692E30DB2D6BB77D34AFD3 /* Frameworks */,
				B83F4AC2BADCEC29CBDC895F /* Products */,
			);
			sourceTree = "<group>";
		};
/* End PBXGroup section */

/* Begin PBXNativeTarget section */
		76836ADCAAC48692C4F6493B /* AdvertFilterModuleInterface */ = {
			isa = PBXNativeTarget;
			buildConfigurationList = C0168969FE24EF7848FB3CB9 /* Build configuration list for PBXNativeTarget "AdvertFilterModuleInterface" */;
			buildPhases = (
				5BBCAF440A94A70AABA171E9 /* Sources */,
				2182362E95B26AD2FB8C9F96 /* Resources */,
				24F91BB5CA5A25B3B5CA6CB6 /* Embed Frameworks */,
				3A8148C7C062253393EF329D /* Frameworks */,
			);
			buildRules = (
			);
			dependencies = (
			);
			name = AdvertFilterModuleInterface;
			productName = AdvertFilterModuleInterface;
			productReference = B06DFAD9E7FEFF3A84C1974B /* AdvertFilterModuleInterface.framework */;
			productType = "com.apple.product-type.framework";
		};
		8A76FF1C299AEF1EE7CF3653 /* AdvertFilterModule */ = {
			isa = PBXNativeTarget;
			buildConfigurationList = 9644125C49DD52D48F30E250 /* Build configuration list for PBXNativeTarget "AdvertFilterModule" */;
			buildPhases = (
				F72CB26FC5DEF64743BDA449 /* Sources */,
				5144451582130FD6575ECCCA /* Resources */,
				B1793B8B7960E46D8C08E409 /* Embed Frameworks */,
				23E82BBD42FF2FB8488927B5 /* Frameworks */,
				5CF4F0C9400533B262C3C0DB /* Dependencies */,
			);
			buildRules = (
			);
			dependencies = (
				373B1861E220FDFCF236EBBF /* PBXTargetDependency */,
			);
			name = AdvertFilterModule;
			packageProductDependencies = (
				A61103FA11551A8F685608F1 /* SnapKit */,
			);
			productName = AdvertFilterModule;
			productReference = 88218C8677D82E24C12D341C /* AdvertFilterModule.framework */;
			productType = "com.apple.product-type.framework";
		};
/* End PBXNativeTarget section */

/* Begin PBXProject section */
		0BD1C4E86A21D8828F04DF49 /* Project object */ = {
			isa = PBXProject;
			attributes = {
				BuildIndependentTargetsInParallel = YES;
			};
			buildConfigurationList = 4EA5E53F60EEEE431DE92852 /* Build configuration list for PBXProject "AdvertFilterModule" */;
			compatibilityVersion = "Xcode 14.0";
			developmentRegion = en;
			hasScannedForEncodings = 0;
			knownRegions = (
				Base,
				en,
			);
			mainGroup = EE70FB2E32F646DFC4C34A8F;
			packageReferences = (
				4E1DED3DE93EBE11DC56D875 /* XCRemoteSwiftPackageReference "SnapKit" */,
			);
			productRefGroup = B83F4AC2BADCEC29CBDC895F /* Products */;
			projectDirPath = "";
			projectRoot = "";
			targets = (
				8A76FF1C299AEF1EE7CF3653 /* AdvertFilterModule */,
				76836ADCAAC48692C4F6493B /* AdvertFilterModuleInterface */,
			);
		};
/* End PBXProject section */

/* Begin PBXResourcesBuildPhase section */
		2182362E95B26AD2FB8C9F96 /* Resources */ = {
			isa = PBXResourcesBuildPhase;
			buildActionMask = 2147483647;
			files = (
			);
			runOnlyForDeploymentPostprocessing = 0;
		};
		5144451582130FD6575ECCCA /* Resources */ = {
			isa = PBXResourcesBuildPhase;
			buildActionMask = 2147483647;
			files = (
			);
			runOnlyForDeploymentPostprocessing = 0;
		};
/* End PBXResourcesBuildPhase section */

/* Begin PBXSourcesBuildPhase section */
		5BBCAF440A94A70AABA171E9 /* Sources */ = {
			isa = PBXSourcesBuildPhase;
			buildActionMask = 2147483647;
			files = (
				DD22440DCDA813DFD7498C6B /* AdvertFilterInterface.swift in Sources */,
			);
			runOnlyForDeploymentPostprocessing = 0;
		};
		F72CB26FC5DEF64743BDA449 /* Sources */ = {
			isa = PBXSourcesBuildPhase;
			buildActionMask = 2147483647;
			files = (
				4AA0DF657CB85162CAF0F159 /* AdvertFilterController.swift in Sources */,
				354F1D0FF6AD874FB49A2458 /* AdvertFilterPresenter.swift in Sources */,
				7D8009E02B1676BD001F3C5E /* SectionHeader.swift in Sources */,
				A79A8A0C3C9F2C9A4CADBD42 /* AdvertFilterRouter.swift in Sources */,
				334F26241E43418395862C74 /* FilterTableViewCell.swift in Sources */,
			);
			runOnlyForDeploymentPostprocessing = 0;
		};
/* End PBXSourcesBuildPhase section */

/* Begin PBXTargetDependency section */
		373B1861E220FDFCF236EBBF /* PBXTargetDependency */ = {
			isa = PBXTargetDependency;
			name = AdvertFilterModuleInterface;
			target = 76836ADCAAC48692C4F6493B /* AdvertFilterModuleInterface */;
			targetProxy = 36F75169172861F01F5CB1E2 /* PBXContainerItemProxy */;
		};
/* End PBXTargetDependency section */

/* Begin XCBuildConfiguration section */
		5B6528EA4FAFA217DD682887 /* Debug */ = {
			isa = XCBuildConfiguration;
			buildSettings = {
				CODE_SIGN_IDENTITY = "";
				CURRENT_PROJECT_VERSION = 1;
				DEFINES_MODULE = YES;
				DYLIB_COMPATIBILITY_VERSION = 1;
				DYLIB_CURRENT_VERSION = 1;
				DYLIB_INSTALL_NAME_BASE = "@rpath";
				INFOPLIST_FILE = "Derived/InfoPlists/AdvertFilterModule-Info.plist";
				INSTALL_PATH = "$(LOCAL_LIBRARY_DIR)/Frameworks";
				IPHONEOS_DEPLOYMENT_TARGET = 16.0;
				LD_RUNPATH_SEARCH_PATHS = (
					"$(inherited)",
					"@executable_path/Frameworks",
					"@loader_path/Frameworks",
				);
				MACH_O_TYPE = staticlib;
				PRODUCT_BUNDLE_IDENTIFIER = com.ios.AdvertFilterModule;
				PRODUCT_NAME = AdvertFilterModule;
				SDKROOT = iphoneos;
				SKIP_INSTALL = YES;
				SUPPORTS_MACCATALYST = NO;
				SUPPORTS_MAC_DESIGNED_FOR_IPHONE_IPAD = YES;
				SUPPORTS_XR_DESIGNED_FOR_IPHONE_IPAD = NO;
				SWIFT_ACTIVE_COMPILATION_CONDITIONS = DEBUG;
				SWIFT_COMPILATION_MODE = singlefile;
				SWIFT_OPTIMIZATION_LEVEL = "-Onone";
				SWIFT_VERSION = 5.0;
				TARGETED_DEVICE_FAMILY = 1;
				VERSIONING_SYSTEM = "apple-generic";
				VERSION_INFO_PREFIX = "";
			};
			name = Debug;
		};
		9C74D2973B712ACA2C5F39FF /* Release */ = {
			isa = XCBuildConfiguration;
			buildSettings = {
				CODE_SIGN_IDENTITY = "";
				CURRENT_PROJECT_VERSION = 1;
				DEFINES_MODULE = YES;
				DYLIB_COMPATIBILITY_VERSION = 1;
				DYLIB_CURRENT_VERSION = 1;
				DYLIB_INSTALL_NAME_BASE = "@rpath";
				INFOPLIST_FILE = "Derived/InfoPlists/AdvertFilterModuleInterface-Info.plist";
				INSTALL_PATH = "$(LOCAL_LIBRARY_DIR)/Frameworks";
				IPHONEOS_DEPLOYMENT_TARGET = 16.0;
				LD_RUNPATH_SEARCH_PATHS = (
					"$(inherited)",
					"@executable_path/Frameworks",
					"@loader_path/Frameworks",
				);
				MACH_O_TYPE = staticlib;
				PRODUCT_BUNDLE_IDENTIFIER = com.ios.AdvertFilterModuleInterface;
				PRODUCT_NAME = AdvertFilterModuleInterface;
				SDKROOT = iphoneos;
				SKIP_INSTALL = YES;
				SUPPORTS_MACCATALYST = NO;
				SUPPORTS_MAC_DESIGNED_FOR_IPHONE_IPAD = YES;
				SUPPORTS_XR_DESIGNED_FOR_IPHONE_IPAD = NO;
				SWIFT_COMPILATION_MODE = wholemodule;
				SWIFT_OPTIMIZATION_LEVEL = "-Owholemodule";
				SWIFT_VERSION = 5.0;
				TARGETED_DEVICE_FAMILY = 1;
				VERSIONING_SYSTEM = "apple-generic";
				VERSION_INFO_PREFIX = "";
			};
			name = Release;
		};
		A7ADB7B3FD9A7B209A3487C0 /* Debug */ = {
			isa = XCBuildConfiguration;
			buildSettings = {
				CODE_SIGN_IDENTITY = "";
				CURRENT_PROJECT_VERSION = 1;
				DEFINES_MODULE = YES;
				DYLIB_COMPATIBILITY_VERSION = 1;
				DYLIB_CURRENT_VERSION = 1;
				DYLIB_INSTALL_NAME_BASE = "@rpath";
				INFOPLIST_FILE = "Derived/InfoPlists/AdvertFilterModuleInterface-Info.plist";
				INSTALL_PATH = "$(LOCAL_LIBRARY_DIR)/Frameworks";
				IPHONEOS_DEPLOYMENT_TARGET = 16.0;
				LD_RUNPATH_SEARCH_PATHS = (
					"$(inherited)",
					"@executable_path/Frameworks",
					"@loader_path/Frameworks",
				);
				MACH_O_TYPE = staticlib;
				PRODUCT_BUNDLE_IDENTIFIER = com.ios.AdvertFilterModuleInterface;
				PRODUCT_NAME = AdvertFilterModuleInterface;
				SDKROOT = iphoneos;
				SKIP_INSTALL = YES;
				SUPPORTS_MACCATALYST = NO;
				SUPPORTS_MAC_DESIGNED_FOR_IPHONE_IPAD = YES;
				SUPPORTS_XR_DESIGNED_FOR_IPHONE_IPAD = NO;
				SWIFT_ACTIVE_COMPILATION_CONDITIONS = DEBUG;
				SWIFT_COMPILATION_MODE = singlefile;
				SWIFT_OPTIMIZATION_LEVEL = "-Onone";
				SWIFT_VERSION = 5.0;
				TARGETED_DEVICE_FAMILY = 1;
				VERSIONING_SYSTEM = "apple-generic";
				VERSION_INFO_PREFIX = "";
			};
			name = Debug;
		};
		CE7F20D54569A5C0E3171071 /* Release */ = {
			isa = XCBuildConfiguration;
			buildSettings = {
				ALWAYS_SEARCH_USER_PATHS = NO;
				CLANG_ANALYZER_LOCALIZABILITY_NONLOCALIZED = YES;
				CLANG_ANALYZER_NONNULL = YES;
				CLANG_ANALYZER_NUMBER_OBJECT_CONVERSION = YES_AGGRESSIVE;
				CLANG_CXX_LANGUAGE_STANDARD = "gnu++14";
				CLANG_CXX_LIBRARY = "libc++";
				CLANG_ENABLE_MODULES = YES;
				CLANG_ENABLE_OBJC_ARC = YES;
				CLANG_ENABLE_OBJC_WEAK = YES;
				CLANG_WARN_BLOCK_CAPTURE_AUTORELEASING = YES;
				CLANG_WARN_BOOL_CONVERSION = YES;
				CLANG_WARN_COMMA = YES;
				CLANG_WARN_CONSTANT_CONVERSION = YES;
				CLANG_WARN_DEPRECATED_OBJC_IMPLEMENTATIONS = YES;
				CLANG_WARN_DIRECT_OBJC_ISA_USAGE = YES_ERROR;
				CLANG_WARN_DOCUMENTATION_COMMENTS = YES;
				CLANG_WARN_EMPTY_BODY = YES;
				CLANG_WARN_ENUM_CONVERSION = YES;
				CLANG_WARN_INFINITE_RECURSION = YES;
				CLANG_WARN_INT_CONVERSION = YES;
				CLANG_WARN_NON_LITERAL_NULL_CONVERSION = YES;
				CLANG_WARN_OBJC_IMPLICIT_RETAIN_SELF = YES;
				CLANG_WARN_OBJC_LITERAL_CONVERSION = YES;
				CLANG_WARN_OBJC_ROOT_CLASS = YES_ERROR;
				CLANG_WARN_QUOTED_INCLUDE_IN_FRAMEWORK_HEADER = YES;
				CLANG_WARN_RANGE_LOOP_ANALYSIS = YES;
				CLANG_WARN_STRICT_PROTOTYPES = YES;
				CLANG_WARN_SUSPICIOUS_MOVE = YES;
				CLANG_WARN_UNGUARDED_AVAILABILITY = YES_AGGRESSIVE;
				CLANG_WARN_UNREACHABLE_CODE = YES;
				CLANG_WARN__DUPLICATE_METHOD_MATCH = YES;
				COPY_PHASE_STRIP = NO;
				DEAD_CODE_STRIPPING = YES;
				DEBUG_INFORMATION_FORMAT = "dwarf-with-dsym";
				ENABLE_NS_ASSERTIONS = NO;
				ENABLE_STRICT_OBJC_MSGSEND = YES;
				GCC_C_LANGUAGE_STANDARD = gnu11;
				GCC_NO_COMMON_BLOCKS = YES;
				GCC_WARN_64_TO_32_BIT_CONVERSION = YES;
				GCC_WARN_ABOUT_RETURN_TYPE = YES_ERROR;
				GCC_WARN_UNDECLARED_SELECTOR = YES;
				GCC_WARN_UNINITIALIZED_AUTOS = YES_AGGRESSIVE;
				GCC_WARN_UNUSED_FUNCTION = YES;
				GCC_WARN_UNUSED_VARIABLE = YES;
				MTL_ENABLE_DEBUG_INFO = NO;
				PRODUCT_NAME = "$(TARGET_NAME)";
				VALIDATE_PRODUCT = YES;
			};
			name = Release;
		};
		EAF9FBE69C639B6D3B5DD39F /* Debug */ = {
			isa = XCBuildConfiguration;
			buildSettings = {
				ALWAYS_SEARCH_USER_PATHS = NO;
				CLANG_ANALYZER_LOCALIZABILITY_NONLOCALIZED = YES;
				CLANG_ANALYZER_NONNULL = YES;
				CLANG_ANALYZER_NUMBER_OBJECT_CONVERSION = YES_AGGRESSIVE;
				CLANG_CXX_LANGUAGE_STANDARD = "gnu++14";
				CLANG_CXX_LIBRARY = "libc++";
				CLANG_ENABLE_MODULES = YES;
				CLANG_ENABLE_OBJC_ARC = YES;
				CLANG_ENABLE_OBJC_WEAK = YES;
				CLANG_WARN_BLOCK_CAPTURE_AUTORELEASING = YES;
				CLANG_WARN_BOOL_CONVERSION = YES;
				CLANG_WARN_COMMA = YES;
				CLANG_WARN_CONSTANT_CONVERSION = YES;
				CLANG_WARN_DEPRECATED_OBJC_IMPLEMENTATIONS = YES;
				CLANG_WARN_DIRECT_OBJC_ISA_USAGE = YES_ERROR;
				CLANG_WARN_DOCUMENTATION_COMMENTS = YES;
				CLANG_WARN_EMPTY_BODY = YES;
				CLANG_WARN_ENUM_CONVERSION = YES;
				CLANG_WARN_INFINITE_RECURSION = YES;
				CLANG_WARN_INT_CONVERSION = YES;
				CLANG_WARN_NON_LITERAL_NULL_CONVERSION = YES;
				CLANG_WARN_OBJC_IMPLICIT_RETAIN_SELF = YES;
				CLANG_WARN_OBJC_LITERAL_CONVERSION = YES;
				CLANG_WARN_OBJC_ROOT_CLASS = YES_ERROR;
				CLANG_WARN_QUOTED_INCLUDE_IN_FRAMEWORK_HEADER = YES;
				CLANG_WARN_RANGE_LOOP_ANALYSIS = YES;
				CLANG_WARN_STRICT_PROTOTYPES = YES;
				CLANG_WARN_SUSPICIOUS_MOVE = YES;
				CLANG_WARN_UNGUARDED_AVAILABILITY = YES_AGGRESSIVE;
				CLANG_WARN_UNREACHABLE_CODE = YES;
				CLANG_WARN__DUPLICATE_METHOD_MATCH = YES;
				COPY_PHASE_STRIP = NO;
				DEAD_CODE_STRIPPING = YES;
				DEBUG_INFORMATION_FORMAT = dwarf;
				ENABLE_STRICT_OBJC_MSGSEND = YES;
				ENABLE_TESTABILITY = YES;
				GCC_C_LANGUAGE_STANDARD = gnu11;
				GCC_DYNAMIC_NO_PIC = NO;
				GCC_NO_COMMON_BLOCKS = YES;
				GCC_OPTIMIZATION_LEVEL = 0;
				GCC_PREPROCESSOR_DEFINITIONS = (
					"DEBUG=1",
					"$(inherited)",
				);
				GCC_WARN_64_TO_32_BIT_CONVERSION = YES;
				GCC_WARN_ABOUT_RETURN_TYPE = YES_ERROR;
				GCC_WARN_UNDECLARED_SELECTOR = YES;
				GCC_WARN_UNINITIALIZED_AUTOS = YES_AGGRESSIVE;
				GCC_WARN_UNUSED_FUNCTION = YES;
				GCC_WARN_UNUSED_VARIABLE = YES;
				MTL_ENABLE_DEBUG_INFO = YES;
				ONLY_ACTIVE_ARCH = YES;
				PRODUCT_NAME = "$(TARGET_NAME)";
			};
			name = Debug;
		};
		FDF9CA9BE620F9D1E3138AE9 /* Release */ = {
			isa = XCBuildConfiguration;
			buildSettings = {
				CODE_SIGN_IDENTITY = "";
				CURRENT_PROJECT_VERSION = 1;
				DEFINES_MODULE = YES;
				DYLIB_COMPATIBILITY_VERSION = 1;
				DYLIB_CURRENT_VERSION = 1;
				DYLIB_INSTALL_NAME_BASE = "@rpath";
				INFOPLIST_FILE = "Derived/InfoPlists/AdvertFilterModule-Info.plist";
				INSTALL_PATH = "$(LOCAL_LIBRARY_DIR)/Frameworks";
				IPHONEOS_DEPLOYMENT_TARGET = 16.0;
				LD_RUNPATH_SEARCH_PATHS = (
					"$(inherited)",
					"@executable_path/Frameworks",
					"@loader_path/Frameworks",
				);
				MACH_O_TYPE = staticlib;
				PRODUCT_BUNDLE_IDENTIFIER = com.ios.AdvertFilterModule;
				PRODUCT_NAME = AdvertFilterModule;
				SDKROOT = iphoneos;
				SKIP_INSTALL = YES;
				SUPPORTS_MACCATALYST = NO;
				SUPPORTS_MAC_DESIGNED_FOR_IPHONE_IPAD = YES;
				SUPPORTS_XR_DESIGNED_FOR_IPHONE_IPAD = NO;
				SWIFT_COMPILATION_MODE = wholemodule;
				SWIFT_OPTIMIZATION_LEVEL = "-Owholemodule";
				SWIFT_VERSION = 5.0;
				TARGETED_DEVICE_FAMILY = 1;
				VERSIONING_SYSTEM = "apple-generic";
				VERSION_INFO_PREFIX = "";
			};
			name = Release;
		};
/* End XCBuildConfiguration section */

/* Begin XCConfigurationList section */
		4EA5E53F60EEEE431DE92852 /* Build configuration list for PBXProject "AdvertFilterModule" */ = {
			isa = XCConfigurationList;
			buildConfigurations = (
				EAF9FBE69C639B6D3B5DD39F /* Debug */,
				CE7F20D54569A5C0E3171071 /* Release */,
			);
			defaultConfigurationIsVisible = 0;
			defaultConfigurationName = Release;
		};
		9644125C49DD52D48F30E250 /* Build configuration list for PBXNativeTarget "AdvertFilterModule" */ = {
			isa = XCConfigurationList;
			buildConfigurations = (
				5B6528EA4FAFA217DD682887 /* Debug */,
				FDF9CA9BE620F9D1E3138AE9 /* Release */,
			);
			defaultConfigurationIsVisible = 0;
			defaultConfigurationName = Release;
		};
		C0168969FE24EF7848FB3CB9 /* Build configuration list for PBXNativeTarget "AdvertFilterModuleInterface" */ = {
			isa = XCConfigurationList;
			buildConfigurations = (
				A7ADB7B3FD9A7B209A3487C0 /* Debug */,
				9C74D2973B712ACA2C5F39FF /* Release */,
			);
			defaultConfigurationIsVisible = 0;
			defaultConfigurationName = Release;
		};
/* End XCConfigurationList section */

/* Begin XCRemoteSwiftPackageReference section */
		4E1DED3DE93EBE11DC56D875 /* XCRemoteSwiftPackageReference "SnapKit" */ = {
			isa = XCRemoteSwiftPackageReference;
			repositoryURL = "https://github.com/SnapKit/SnapKit.git";
			requirement = {
				kind = upToNextMajorVersion;
				minimumVersion = 5.0.1;
			};
		};
/* End XCRemoteSwiftPackageReference section */

/* Begin XCSwiftPackageProductDependency section */
		A61103FA11551A8F685608F1 /* SnapKit */ = {
			isa = XCSwiftPackageProductDependency;
			productName = SnapKit;
		};
/* End XCSwiftPackageProductDependency section */
	};
	rootObject = 0BD1C4E86A21D8828F04DF49 /* Project object */;
}
